{
  "version": 4,
  "terraform_version": "1.7.4",
  "serial": 183,
  "lineage": "a7b3adb7-7b7e-58b7-02b7-c34943f5fd62",
  "outputs": {},
  "resources": [
    {
      "module": "module.Backup-Plan[\"rds-genaia-preprod-daily\"]",
      "mode": "managed",
      "type": "aws_backup_plan",
      "name": "this",
      "provider": "provider[\"registry.terraform.io/hashicorp/aws\"]",
      "instances": [
        {
          "schema_version": 0,
          "attributes": {
            "advanced_backup_setting": [],
            "arn": "arn:aws:backup:eu-south-2:105054799343:backup-plan:bf852357-64c5-4e6b-85bd-034f41d48a9a",
            "id": "bf852357-64c5-4e6b-85bd-034f41d48a9a",
            "name": "rds-plan-backup",
            "rule": [
              {
                "completion_window": 180,
                "copy_action": [],
                "enable_continuous_backup": false,
                "lifecycle": [
                  {
                    "cold_storage_after": 0,
                    "delete_after": 7,
                    "opt_in_to_archive_for_supported_resources": false
                  }
                ],
                "recovery_point_tags": {},
                "rule_name": "rds-genaia-preprod-daily",
                "schedule": "cron(0 1 * * ?)",
                "start_window": 60,
                "target_vault_name": "rds-preprod-genaia"
              }
            ],
            "tags": {},
            "tags_all": {},
            "version": "YWUxZDM4MzctMTYwMy00MzdlLThmOTAtM2ViOWJlOGFkODli"
          },
          "sensitive_attributes": [],
          "private": "bnVsbA=="
        }
      ]
    },
    {
      "module": "module.Backup-Plan[\"rds-genaia-preprod-week\"]",
      "mode": "managed",
      "type": "aws_backup_plan",
      "name": "this",
      "provider": "provider[\"registry.terraform.io/hashicorp/aws\"]",
      "instances": [
        {
          "schema_version": 0,
          "attributes": {
            "advanced_backup_setting": [],
            "arn": "arn:aws:backup:eu-south-2:105054799343:backup-plan:e98b59ea-14fa-4f24-b79e-7b1d96e924a1",
            "id": "e98b59ea-14fa-4f24-b79e-7b1d96e924a1",
            "name": "rds-plan-backup",
            "rule": [
              {
                "completion_window": 180,
                "copy_action": [],
                "enable_continuous_backup": false,
                "lifecycle": [
                  {
                    "cold_storage_after": 0,
                    "delete_after": 30,
                    "opt_in_to_archive_for_supported_resources": false
                  }
                ],
                "recovery_point_tags": {},
                "rule_name": "rds-genaia-preprod-week",
                "schedule": "cron(0 2 ? * 1)",
                "start_window": 60,
                "target_vault_name": "rds-preprod-genaia"
              }
            ],
            "tags": {},
            "tags_all": {},
            "version": "Zjg4OWQ4YjYtYjQwMS00ZWNmLTgwNDctNGY2ZTQwMzM5YzFm"
          },
          "sensitive_attributes": [],
          "private": "bnVsbA=="
        }
      ]
    },
    {
      "module": "module.Backup-Selection[\"Daily-7days-Retention\"]",
      "mode": "managed",
      "type": "aws_backup_selection",
      "name": "this",
      "provider": "provider[\"registry.terraform.io/hashicorp/aws\"]",
      "instances": [
        {
          "schema_version": 0,
          "attributes": {
            "condition": [
              {
                "string_equals": [],
                "string_like": [],
                "string_not_equals": [],
                "string_not_like": []
              }
            ],
            "iam_role_arn": "arn:aws:iam::105054799343:role/BackupServiceRoleToGenia",
            "id": "faf2a0a6-c158-453e-b9ec-d8f20a20d79f",
            "name": "Daily-7days-Retention",
            "not_resources": [],
            "plan_id": "bf852357-64c5-4e6b-85bd-034f41d48a9a",
            "resources": [
              "arn:aws:rds:eu-south-2:105054799343:db:rdspreprodgenaia"
            ],
            "selection_tag": []
          },
          "sensitive_attributes": [],
          "private": "bnVsbA==",
          "dependencies": [
            "module.Backup-Plan.aws_backup_plan.this",
            "module.Private_Subnets.aws_subnet.this",
            "module.RDS-subnet_group.aws_db_subnet_group.this",
            "module.RDS.aws_db_instance.this",
            "module.SG-EKS.aws_security_group.this",
            "module.VPC.aws_vpc.this"
          ]
        }
      ]
    },
    {
      "module": "module.Backup-Selection[\"rds-genaia-preprod-week\"]",
      "mode": "managed",
      "type": "aws_backup_selection",
      "name": "this",
      "provider": "provider[\"registry.terraform.io/hashicorp/aws\"]",
      "instances": [
        {
          "schema_version": 0,
          "attributes": {
            "condition": [
              {
                "string_equals": [],
                "string_like": [],
                "string_not_equals": [],
                "string_not_like": []
              }
            ],
            "iam_role_arn": "arn:aws:iam::105054799343:role/BackupServiceRoleToGenia",
            "id": "02bf1cc2-29c6-4486-82e6-e3660d8e2a2c",
            "name": "rds-genaia-preprod-week",
            "not_resources": [],
            "plan_id": "e98b59ea-14fa-4f24-b79e-7b1d96e924a1",
            "resources": [
              "arn:aws:rds:eu-south-2:105054799343:db:rdspreprodgenaia"
            ],
            "selection_tag": []
          },
          "sensitive_attributes": [],
          "private": "bnVsbA==",
          "dependencies": [
            "module.Backup-Plan.aws_backup_plan.this",
            "module.Private_Subnets.aws_subnet.this",
            "module.RDS-subnet_group.aws_db_subnet_group.this",
            "module.RDS.aws_db_instance.this",
            "module.SG-EKS.aws_security_group.this",
            "module.VPC.aws_vpc.this"
          ]
        }
      ]
    },
    {
      "module": "module.Backup-Vault[\"rds-preprod-genaia\"]",
      "mode": "managed",
      "type": "aws_backup_vault",
      "name": "this",
      "provider": "provider[\"registry.terraform.io/hashicorp/aws\"]",
      "instances": [
        {
          "schema_version": 0,
          "attributes": {
            "arn": "arn:aws:backup:eu-south-2:105054799343:backup-vault:rds-preprod-genaia",
            "force_destroy": false,
            "id": "rds-preprod-genaia",
            "kms_key_arn": "arn:aws:kms:eu-south-2:105054799343:key/41aa3c56-7c43-40aa-a61c-36554f781d72",
            "name": "rds-preprod-genaia",
            "recovery_points": 1,
            "tags": {},
            "tags_all": {},
            "timeouts": null
          },
          "sensitive_attributes": [],
          "private": "eyJlMmJmYjczMC1lY2FhLTExZTYtOGY4OC0zNDM2M2JjN2M0YzAiOnsiZGVsZXRlIjo2MDAwMDAwMDAwMDB9fQ=="
        }
      ]
    },
    {
      "module": "module.EKS_Addon[\"addon_1\"]",
      "mode": "managed",
      "type": "aws_eks_addon",
      "name": "this",
      "provider": "provider[\"registry.terraform.io/hashicorp/aws\"]",
      "instances": [
        {
          "schema_version": 0,
          "attributes": {
            "addon_name": "vpc-cni",
            "addon_version": "v1.15.1-eksbuild.1",
            "arn": "arn:aws:eks:eu-south-2:105054799343:addon/eks-preprod-genaia/vpc-cni/e2c6d99a-a931-3665-9429-04d46a7d7727",
            "cluster_name": "eks-preprod-genaia",
            "configuration_values": "",
            "created_at": "2024-02-16T18:37:12Z",
            "id": "eks-preprod-genaia:vpc-cni",
            "modified_at": "2024-02-16T18:37:17Z",
            "preserve": null,
            "resolve_conflicts": null,
            "resolve_conflicts_on_create": null,
            "resolve_conflicts_on_update": null,
            "service_account_role_arn": "",
            "tags": {},
            "tags_all": {},
            "timeouts": null
          },
          "sensitive_attributes": [],
          "private": "eyJlMmJmYjczMC1lY2FhLTExZTYtOGY4OC0zNDM2M2JjN2M0YzAiOnsiY3JlYXRlIjoxMjAwMDAwMDAwMDAwLCJkZWxldGUiOjI0MDAwMDAwMDAwMDAsInVwZGF0ZSI6MTIwMDAwMDAwMDAwMH19",
          "dependencies": [
            "module.EKS_Cluster.aws_eks_cluster.this",
            "module.Private_Subnets.aws_subnet.this",
            "module.VPC.aws_vpc.this"
          ]
        }
      ]
    },
    {
      "module": "module.EKS_Addon[\"addon_3\"]",
      "mode": "managed",
      "type": "aws_eks_addon",
      "name": "this",
      "provider": "provider[\"registry.terraform.io/hashicorp/aws\"]",
      "instances": [
        {
          "schema_version": 0,
          "attributes": {
            "addon_name": "kube-proxy",
            "addon_version": "v1.28.2-eksbuild.2",
            "arn": "arn:aws:eks:eu-south-2:105054799343:addon/eks-preprod-genaia/kube-proxy/e2c6d99a-a92b-12af-1b15-5edc961ff01d",
            "cluster_name": "eks-preprod-genaia",
            "configuration_values": "",
            "created_at": "2024-02-16T18:37:12Z",
            "id": "eks-preprod-genaia:kube-proxy",
            "modified_at": "2024-02-16T18:37:16Z",
            "preserve": null,
            "resolve_conflicts": null,
            "resolve_conflicts_on_create": null,
            "resolve_conflicts_on_update": null,
            "service_account_role_arn": "",
            "tags": {},
            "tags_all": {},
            "timeouts": null
          },
          "sensitive_attributes": [],
          "private": "eyJlMmJmYjczMC1lY2FhLTExZTYtOGY4OC0zNDM2M2JjN2M0YzAiOnsiY3JlYXRlIjoxMjAwMDAwMDAwMDAwLCJkZWxldGUiOjI0MDAwMDAwMDAwMDAsInVwZGF0ZSI6MTIwMDAwMDAwMDAwMH19",
          "dependencies": [
            "module.EKS_Cluster.aws_eks_cluster.this",
            "module.Private_Subnets.aws_subnet.this",
            "module.VPC.aws_vpc.this"
          ]
        }
      ]
    },
    {
      "module": "module.EKS_Addon[\"addon_4\"]",
      "mode": "managed",
      "type": "aws_eks_addon",
      "name": "this",
      "provider": "provider[\"registry.terraform.io/hashicorp/aws\"]",
      "instances": [
        {
          "schema_version": 0,
          "attributes": {
            "addon_name": "eks-pod-identity-agent",
            "addon_version": "v1.1.0-eksbuild.1",
            "arn": "arn:aws:eks:eu-south-2:105054799343:addon/eks-preprod-genaia/eks-pod-identity-agent/6ec6d99a-a98d-9e77-d945-5b1f97436ef2",
            "cluster_name": "eks-preprod-genaia",
            "configuration_values": "",
            "created_at": "2024-02-16T18:37:13Z",
            "id": "eks-preprod-genaia:eks-pod-identity-agent",
            "modified_at": "2024-02-16T18:37:14Z",
            "preserve": null,
            "resolve_conflicts": null,
            "resolve_conflicts_on_create": null,
            "resolve_conflicts_on_update": null,
            "service_account_role_arn": "",
            "tags": {},
            "tags_all": {},
            "timeouts": null
          },
          "sensitive_attributes": [],
          "private": "eyJlMmJmYjczMC1lY2FhLTExZTYtOGY4OC0zNDM2M2JjN2M0YzAiOnsiY3JlYXRlIjoxMjAwMDAwMDAwMDAwLCJkZWxldGUiOjI0MDAwMDAwMDAwMDAsInVwZGF0ZSI6MTIwMDAwMDAwMDAwMH19",
          "dependencies": [
            "module.EKS_Cluster.aws_eks_cluster.this",
            "module.Private_Subnets.aws_subnet.this",
            "module.VPC.aws_vpc.this"
          ]
        }
      ]
    },
    {
      "module": "module.EKS_Cluster[\"eks-preprod-genaia\"]",
      "mode": "managed",
      "type": "aws_eks_cluster",
      "name": "this",
      "provider": "provider[\"registry.terraform.io/hashicorp/aws\"]",
      "instances": [
        {
          "schema_version": 0,
          "attributes": {
            "access_config": [
              {
                "authentication_mode": "API_AND_CONFIG_MAP",
                "bootstrap_cluster_creator_admin_permissions": true
              }
            ],
            "arn": "arn:aws:eks:eu-south-2:105054799343:cluster/eks-preprod-genaia",
            "certificate_authority": [
              {
                "data": "LS0tLS1CRUdJTiBDRVJUSUZJQ0FURS0tLS0tCk1JSURCVENDQWUyZ0F3SUJBZ0lJQVpyU09xOWM1UkF3RFFZSktvWklodmNOQVFFTEJRQXdGVEVUTUJFR0ExVUUKQXhNS2EzVmlaWEp1WlhSbGN6QWVGdzB5TkRBeU1UWXhOek15TVROYUZ3MHpOREF5TVRNeE56TTNNVE5hTUJVeApFekFSQmdOVkJBTVRDbXQxWW1WeWJtVjBaWE13Z2dFaU1BMEdDU3FHU0liM0RRRUJBUVVBQTRJQkR3QXdnZ0VLCkFvSUJBUUM2eWNUNitISXpUU1VkMFNlOW1KS0ZVdWVZbWhLSENuOW9hOE4vUkw1Zk5tMms3MXR4bXBlU2kyV3AKTUZTRVhVN2ZtcThxbnBBdFNzUENtN21ST056V0dldC9QeHVzYlNKRFNOTFdvR3dJeXNzREFDdEZvaGE4ZnpSSgo0SCtNaHcxVWJDZnJOeElwVWpJaDllU3NickwvZnBZOUxkRXMvMHB6YkI4Nm5yeFNIU0pYa21LOGZJR1RER291CkVzbGlSbXpscnFPQmVCWG9xMW1vK0dSUGFJNnZIaDQ2eDBKb3IzcWJwdWxYQ3JOT0h6Y2FxaXBwQkxZOHhLR3YKem4xZ0Q1ME5yWktaS1dnVlVVcjMyeEFkWWNGZ2ROV0FjRE9GdkFoN2VrVU1EL09qK2owcGJLWHphaFhpbmhLaApDN3A5WmJONy8yZGFYWVlPbjZtd3ZsTXNQbWQvQWdNQkFBR2pXVEJYTUE0R0ExVWREd0VCL3dRRUF3SUNwREFQCkJnTlZIUk1CQWY4RUJUQURBUUgvTUIwR0ExVWREZ1FXQkJSejZTM1R5L3o1V3pmRlVPS3ljd3hJNkJ0NDFUQVYKQmdOVkhSRUVEakFNZ2dwcmRXSmxjbTVsZEdWek1BMEdDU3FHU0liM0RRRUJDd1VBQTRJQkFRQXF6Y3g0b0FjbAoxNnV4UjRDcUJyQ2FvUnNFbUVGUGF5TWxqNU1nbEZGWUc1V0J4S0N3ZS8rNDJuM25SWWJnMmhzQllWbThHbURGCjdwOGJOcE5keXZpa1gySnZOK2RER3F3R05ZcFlzcXJzZENwckczUlZiY3RqSEovVlVwb1RjWnB0STRRV1pqcjgKbndsK0t0aVNpNlRFY3FuTGV2L0N3L0FIQmZROVY2Sms1cGZrTmdPeEpLL0VkQ0JwYzRzTFV2b3BqT2VJK0x3RApBVy9vUHJvYTlXVXJJeS9QVmhiRTRRc0JRb0xVNEkxR09VNk5YeWpMZWRtdDNuR1BsdUtVN2pBUjhhcDRFSHBZCi9pa2VVMEcrUG1LM2pwMUlOOUxvQU1YQ0VSdzRabWxtS3VxTldvaCtpcndOOWg0WkgxVnRzM0g2TDRaaWJIcnIKZ1d3c0tsTHVqaExyCi0tLS0tRU5EIENFUlRJRklDQVRFLS0tLS0K"
              }
            ],
            "cluster_id": null,
            "created_at": "2024-02-16 17:32:55.979 +0000 UTC",
            "enabled_cluster_log_types": [],
            "encryption_config": [],
            "endpoint": "https://AF04F2566B5167806EB27E0CE217B764.yl4.eu-south-2.eks.amazonaws.com",
            "id": "eks-preprod-genaia",
            "identity": [
              {
                "oidc": [
                  {
                    "issuer": "https://oidc.eks.eu-south-2.amazonaws.com/id/AF04F2566B5167806EB27E0CE217B764"
                  }
                ]
              }
            ],
            "kubernetes_network_config": [
              {
                "ip_family": "ipv4",
                "service_ipv4_cidr": "172.20.0.0/16",
                "service_ipv6_cidr": ""
              }
            ],
            "name": "eks-preprod-genaia",
            "outpost_config": [],
            "platform_version": "eks.7",
            "role_arn": "arn:aws:iam::105054799343:role/EKSGENAIAClusterRole",
            "status": "ACTIVE",
            "tags": {},
            "tags_all": {},
            "timeouts": null,
            "version": "1.28",
            "vpc_config": [
              {
                "cluster_security_group_id": "sg-0b222ec22a68f7993",
                "endpoint_private_access": true,
                "endpoint_public_access": false,
                "public_access_cidrs": [],
                "security_group_ids": [],
                "subnet_ids": [
                  "subnet-02f4f10190eda1ac3",
                  "subnet-05fa0f940b284e1d8",
                  "subnet-0b89e46f7de010471"
                ],
                "vpc_id": "vpc-08c295bc35450b718"
              }
            ]
          },
          "sensitive_attributes": [],
          "private": "eyJlMmJmYjczMC1lY2FhLTExZTYtOGY4OC0zNDM2M2JjN2M0YzAiOnsiY3JlYXRlIjoxODAwMDAwMDAwMDAwLCJkZWxldGUiOjkwMDAwMDAwMDAwMCwidXBkYXRlIjozNjAwMDAwMDAwMDAwfX0=",
          "dependencies": [
            "module.Private_Subnets.aws_subnet.this",
            "module.VPC.aws_vpc.this"
          ]
        }
      ]
    },
    {
      "module": "module.EKS_Node_Group[\"m7i_2xlarge\"]",
      "mode": "managed",
      "type": "aws_eks_node_group",
      "name": "this",
      "provider": "provider[\"registry.terraform.io/hashicorp/aws\"]",
      "instances": [
        {
          "schema_version": 0,
          "attributes": {
            "ami_type": "AL2_x86_64",
            "arn": "arn:aws:eks:eu-south-2:105054799343:nodegroup/eks-preprod-genaia/m7i_2xlarge/e0c6d99a-a934-ef84-94cf-16fe120e70b5",
            "capacity_type": "ON_DEMAND",
            "cluster_name": "eks-preprod-genaia",
            "disk_size": 20,
            "force_update_version": null,
            "id": "eks-preprod-genaia:m7i_2xlarge",
            "instance_types": [
              "m7i.2xlarge"
            ],
            "labels": {},
            "launch_template": [],
            "node_group_name": "m7i_2xlarge",
            "node_group_name_prefix": "",
            "node_role_arn": "arn:aws:iam::105054799343:role/AmazonEKSNodeRole_prod",
            "release_version": "1.28.5-20240213",
            "remote_access": [],
            "resources": [
              {
                "autoscaling_groups": [
                  {
                    "name": "eks-m7i_2xlarge-e0c6d99a-a934-ef84-94cf-16fe120e70b5"
                  }
                ],
                "remote_access_security_group_id": ""
              }
            ],
            "scaling_config": [
              {
                "desired_size": 1,
                "max_size": 1,
                "min_size": 1
              }
            ],
            "status": "ACTIVE",
            "subnet_ids": [
              "subnet-02f4f10190eda1ac3",
              "subnet-05fa0f940b284e1d8",
              "subnet-0b89e46f7de010471"
            ],
            "tags": {},
            "tags_all": {},
            "taint": [],
            "timeouts": null,
            "update_config": [
              {
                "max_unavailable": 1,
                "max_unavailable_percentage": 0
              }
            ],
            "version": "1.28"
          },
          "sensitive_attributes": [],
          "private": "eyJlMmJmYjczMC1lY2FhLTExZTYtOGY4OC0zNDM2M2JjN2M0YzAiOnsiY3JlYXRlIjozNjAwMDAwMDAwMDAwLCJkZWxldGUiOjM2MDAwMDAwMDAwMDAsInVwZGF0ZSI6MzYwMDAwMDAwMDAwMH19",
          "dependencies": [
            "module.Private_Subnets.aws_subnet.this",
            "module.VPC.aws_vpc.this"
          ]
        }
      ]
    },
    {
      "module": "module.Elastic_IP[\"eip-preprod-nat-prod-a\"]",
      "mode": "managed",
      "type": "aws_eip",
      "name": "this",
      "provider": "provider[\"registry.terraform.io/hashicorp/aws\"]",
      "instances": [
        {
          "schema_version": 0,
          "attributes": {
            "address": null,
            "allocation_id": "eipalloc-0f2e1a4999b43da86",
            "associate_with_private_ip": null,
            "association_id": "eipassoc-0c86481429a960c86",
            "carrier_ip": "",
            "customer_owned_ip": "",
            "customer_owned_ipv4_pool": "",
            "domain": "vpc",
            "id": "eipalloc-0f2e1a4999b43da86",
            "instance": "",
            "network_border_group": "eu-south-2",
            "network_interface": "eni-0302dc98449fb5200",
            "private_dns": "ip-10-120-223-34.eu-south-2.compute.internal",
            "private_ip": "10.120.223.34",
            "public_dns": "ec2-18-101-171-0.eu-south-2.compute.amazonaws.com",
            "public_ip": "18.101.171.0",
            "public_ipv4_pool": "amazon",
            "tags": {
              "Name": "eip-preprod-nat-prod-a"
            },
            "tags_all": {
              "Name": "eip-preprod-nat-prod-a"
            },
            "timeouts": null,
            "vpc": true
          },
          "sensitive_attributes": [],
          "private": "eyJlMmJmYjczMC1lY2FhLTExZTYtOGY4OC0zNDM2M2JjN2M0YzAiOnsiZGVsZXRlIjoxODAwMDAwMDAwMDAsInJlYWQiOjkwMDAwMDAwMDAwMCwidXBkYXRlIjozMDAwMDAwMDAwMDB9fQ=="
        }
      ]
    },
    {
      "module": "module.Internet_Gateway[\"igw-preprod\"]",
      "mode": "managed",
      "type": "aws_internet_gateway",
      "name": "this",
      "provider": "provider[\"registry.terraform.io/hashicorp/aws\"]",
      "instances": [
        {
          "schema_version": 0,
          "attributes": {
            "arn": "arn:aws:ec2:eu-south-2:105054799343:internet-gateway/igw-05af54184720be16c",
            "id": "igw-05af54184720be16c",
            "owner_id": "105054799343",
            "tags": {
              "Name": "igw-preprod"
            },
            "tags_all": {
              "Name": "igw-preprod"
            },
            "timeouts": null,
            "vpc_id": "vpc-08c295bc35450b718"
          },
          "sensitive_attributes": [],
          "private": "eyJlMmJmYjczMC1lY2FhLTExZTYtOGY4OC0zNDM2M2JjN2M0YzAiOnsiY3JlYXRlIjoxMjAwMDAwMDAwMDAwLCJkZWxldGUiOjEyMDAwMDAwMDAwMDAsInVwZGF0ZSI6MTIwMDAwMDAwMDAwMH19",
          "dependencies": [
            "module.VPC.aws_vpc.this"
          ]
        }
      ]
    },
    {
      "module": "module.NAT_Gateway[\"nat-preprod-pvt-a\"]",
      "mode": "managed",
      "type": "aws_nat_gateway",
      "name": "this",
      "provider": "provider[\"registry.terraform.io/hashicorp/aws\"]",
      "instances": [
        {
          "schema_version": 0,
          "attributes": {
            "allocation_id": "eipalloc-0f2e1a4999b43da86",
            "association_id": "eipassoc-0c86481429a960c86",
            "connectivity_type": "public",
            "id": "nat-0ab2add7740dec217",
            "network_interface_id": "eni-0302dc98449fb5200",
            "private_ip": "10.120.223.34",
            "public_ip": "18.101.171.0",
            "secondary_allocation_ids": [],
            "secondary_private_ip_address_count": 0,
            "secondary_private_ip_addresses": [],
            "subnet_id": "subnet-0d657ef394aea06cf",
            "tags": {
              "Name": "nat-preprod-pvt-a"
            },
            "tags_all": {
              "Name": "nat-preprod-pvt-a"
            },
            "timeouts": null
          },
          "sensitive_attributes": [],
          "private": "eyJlMmJmYjczMC1lY2FhLTExZTYtOGY4OC0zNDM2M2JjN2M0YzAiOnsiY3JlYXRlIjo2MDAwMDAwMDAwMDAsImRlbGV0ZSI6MTgwMDAwMDAwMDAwMCwidXBkYXRlIjo2MDAwMDAwMDAwMDB9fQ==",
          "dependencies": [
            "module.Elastic_IP.aws_eip.this",
            "module.Public_Subnets.aws_subnet.this",
            "module.VPC.aws_vpc.this"
          ]
        }
      ]
    },
    {
      "module": "module.Private_Subnets[\"subnet-preprod-pvt-a\"]",
      "mode": "managed",
      "type": "aws_subnet",
      "name": "this",
      "provider": "provider[\"registry.terraform.io/hashicorp/aws\"]",
      "instances": [
        {
          "schema_version": 1,
          "attributes": {
            "arn": "arn:aws:ec2:eu-south-2:105054799343:subnet/subnet-0b89e46f7de010471",
            "assign_ipv6_address_on_creation": false,
            "availability_zone": "eu-south-2a",
            "availability_zone_id": "eus2-az1",
            "cidr_block": "10.120.220.0/24",
            "customer_owned_ipv4_pool": "",
            "enable_dns64": false,
            "enable_lni_at_device_index": 0,
            "enable_resource_name_dns_a_record_on_launch": false,
            "enable_resource_name_dns_aaaa_record_on_launch": false,
            "id": "subnet-0b89e46f7de010471",
            "ipv6_cidr_block": "",
            "ipv6_cidr_block_association_id": "",
            "ipv6_native": false,
            "map_customer_owned_ip_on_launch": false,
            "map_public_ip_on_launch": false,
            "outpost_arn": "",
            "owner_id": "105054799343",
            "private_dns_hostname_type_on_launch": "ip-name",
            "tags": {
              "Name": "subnet-preprod-pvt-a"
            },
            "tags_all": {
              "Name": "subnet-preprod-pvt-a"
            },
            "timeouts": null,
            "vpc_id": "vpc-08c295bc35450b718"
          },
          "sensitive_attributes": [],
          "private": "eyJlMmJmYjczMC1lY2FhLTExZTYtOGY4OC0zNDM2M2JjN2M0YzAiOnsiY3JlYXRlIjo2MDAwMDAwMDAwMDAsImRlbGV0ZSI6MTIwMDAwMDAwMDAwMH0sInNjaGVtYV92ZXJzaW9uIjoiMSJ9",
          "dependencies": [
            "module.VPC.aws_vpc.this"
          ]
        }
      ]
    },
    {
      "module": "module.Private_Subnets[\"subnet-preprod-pvt-b\"]",
      "mode": "managed",
      "type": "aws_subnet",
      "name": "this",
      "provider": "provider[\"registry.terraform.io/hashicorp/aws\"]",
      "instances": [
        {
          "schema_version": 1,
          "attributes": {
            "arn": "arn:aws:ec2:eu-south-2:105054799343:subnet/subnet-02f4f10190eda1ac3",
            "assign_ipv6_address_on_creation": false,
            "availability_zone": "eu-south-2b",
            "availability_zone_id": "eus2-az2",
            "cidr_block": "10.120.221.0/24",
            "customer_owned_ipv4_pool": "",
            "enable_dns64": false,
            "enable_lni_at_device_index": 0,
            "enable_resource_name_dns_a_record_on_launch": false,
            "enable_resource_name_dns_aaaa_record_on_launch": false,
            "id": "subnet-02f4f10190eda1ac3",
            "ipv6_cidr_block": "",
            "ipv6_cidr_block_association_id": "",
            "ipv6_native": false,
            "map_customer_owned_ip_on_launch": false,
            "map_public_ip_on_launch": false,
            "outpost_arn": "",
            "owner_id": "105054799343",
            "private_dns_hostname_type_on_launch": "ip-name",
            "tags": {
              "Name": "subnet-preprod-pvt-b"
            },
            "tags_all": {
              "Name": "subnet-preprod-pvt-b"
            },
            "timeouts": null,
            "vpc_id": "vpc-08c295bc35450b718"
          },
          "sensitive_attributes": [],
          "private": "eyJlMmJmYjczMC1lY2FhLTExZTYtOGY4OC0zNDM2M2JjN2M0YzAiOnsiY3JlYXRlIjo2MDAwMDAwMDAwMDAsImRlbGV0ZSI6MTIwMDAwMDAwMDAwMH0sInNjaGVtYV92ZXJzaW9uIjoiMSJ9",
          "dependencies": [
            "module.VPC.aws_vpc.this"
          ]
        }
      ]
    },
    {
      "module": "module.Private_Subnets[\"subnet-preprod-pvt-c\"]",
      "mode": "managed",
      "type": "aws_subnet",
      "name": "this",
      "provider": "provider[\"registry.terraform.io/hashicorp/aws\"]",
      "instances": [
        {
          "schema_version": 1,
          "attributes": {
            "arn": "arn:aws:ec2:eu-south-2:105054799343:subnet/subnet-05fa0f940b284e1d8",
            "assign_ipv6_address_on_creation": false,
            "availability_zone": "eu-south-2c",
            "availability_zone_id": "eus2-az3",
            "cidr_block": "10.120.222.0/24",
            "customer_owned_ipv4_pool": "",
            "enable_dns64": false,
            "enable_lni_at_device_index": 0,
            "enable_resource_name_dns_a_record_on_launch": false,
            "enable_resource_name_dns_aaaa_record_on_launch": false,
            "id": "subnet-05fa0f940b284e1d8",
            "ipv6_cidr_block": "",
            "ipv6_cidr_block_association_id": "",
            "ipv6_native": false,
            "map_customer_owned_ip_on_launch": false,
            "map_public_ip_on_launch": false,
            "outpost_arn": "",
            "owner_id": "105054799343",
            "private_dns_hostname_type_on_launch": "ip-name",
            "tags": {
              "Name": "subnet-preprod-pvt-c"
            },
            "tags_all": {
              "Name": "subnet-preprod-pvt-c"
            },
            "timeouts": null,
            "vpc_id": "vpc-08c295bc35450b718"
          },
          "sensitive_attributes": [],
          "private": "eyJlMmJmYjczMC1lY2FhLTExZTYtOGY4OC0zNDM2M2JjN2M0YzAiOnsiY3JlYXRlIjo2MDAwMDAwMDAwMDAsImRlbGV0ZSI6MTIwMDAwMDAwMDAwMH0sInNjaGVtYV92ZXJzaW9uIjoiMSJ9",
          "dependencies": [
            "module.VPC.aws_vpc.this"
          ]
        }
      ]
    },
    {
      "module": "module.Public_Subnets[\"subnet-preprod-pub-a\"]",
      "mode": "managed",
      "type": "aws_subnet",
      "name": "this",
      "provider": "provider[\"registry.terraform.io/hashicorp/aws\"]",
      "instances": [
        {
          "schema_version": 1,
          "attributes": {
            "arn": "arn:aws:ec2:eu-south-2:105054799343:subnet/subnet-0d657ef394aea06cf",
            "assign_ipv6_address_on_creation": false,
            "availability_zone": "eu-south-2a",
            "availability_zone_id": "eus2-az1",
            "cidr_block": "10.120.223.0/26",
            "customer_owned_ipv4_pool": "",
            "enable_dns64": false,
            "enable_lni_at_device_index": 0,
            "enable_resource_name_dns_a_record_on_launch": false,
            "enable_resource_name_dns_aaaa_record_on_launch": false,
            "id": "subnet-0d657ef394aea06cf",
            "ipv6_cidr_block": "",
            "ipv6_cidr_block_association_id": "",
            "ipv6_native": false,
            "map_customer_owned_ip_on_launch": false,
            "map_public_ip_on_launch": true,
            "outpost_arn": "",
            "owner_id": "105054799343",
            "private_dns_hostname_type_on_launch": "ip-name",
            "tags": {
              "Name": "subnet-preprod-pub-a"
            },
            "tags_all": {
              "Name": "subnet-preprod-pub-a"
            },
            "timeouts": null,
            "vpc_id": "vpc-08c295bc35450b718"
          },
          "sensitive_attributes": [],
          "private": "eyJlMmJmYjczMC1lY2FhLTExZTYtOGY4OC0zNDM2M2JjN2M0YzAiOnsiY3JlYXRlIjo2MDAwMDAwMDAwMDAsImRlbGV0ZSI6MTIwMDAwMDAwMDAwMH0sInNjaGVtYV92ZXJzaW9uIjoiMSJ9",
          "dependencies": [
            "module.VPC.aws_vpc.this"
          ]
        }
      ]
    },
    {
      "module": "module.RDS-subnet_group[\"db_subnet_preprod_pvt\"]",
      "mode": "managed",
      "type": "aws_db_subnet_group",
      "name": "this",
      "provider": "provider[\"registry.terraform.io/hashicorp/aws\"]",
      "instances": [
        {
          "schema_version": 0,
          "attributes": {
            "arn": "arn:aws:rds:eu-south-2:105054799343:subgrp:db_subnet_preprod_pvt",
            "description": "Managed by Terraform",
            "id": "db_subnet_preprod_pvt",
            "name": "db_subnet_preprod_pvt",
            "name_prefix": "",
            "subnet_ids": [
              "subnet-02f4f10190eda1ac3",
              "subnet-05fa0f940b284e1d8",
              "subnet-0b89e46f7de010471"
            ],
            "supported_network_types": [],
            "tags": {},
            "tags_all": {},
            "vpc_id": "vpc-08c295bc35450b718"
          },
          "sensitive_attributes": [],
          "private": "bnVsbA==",
          "dependencies": [
            "module.Private_Subnets.aws_subnet.this",
            "module.VPC.aws_vpc.this"
          ]
        }
      ]
    },
    {
      "module": "module.RDS[\"rdspreprodgenaia\"]",
      "mode": "managed",
      "type": "aws_db_instance",
      "name": "this",
      "provider": "provider[\"registry.terraform.io/hashicorp/aws\"]",
      "instances": [
        {
          "schema_version": 2,
          "attributes": {
            "address": "rdspreprodgenaia.cdw9vleu1nkk.eu-south-2.rds.amazonaws.com",
            "allocated_storage": 40,
            "allow_major_version_upgrade": null,
            "apply_immediately": false,
            "arn": "arn:aws:rds:eu-south-2:105054799343:db:rdspreprodgenaia",
            "auto_minor_version_upgrade": true,
            "availability_zone": "eu-south-2c",
            "backup_retention_period": 7,
            "backup_target": "region",
            "backup_window": "01:00-02:00",
            "blue_green_update": [],
            "ca_cert_identifier": "rds-ca-rsa2048-g1",
            "character_set_name": "",
            "copy_tags_to_snapshot": false,
            "custom_iam_instance_profile": "",
            "customer_owned_ip_enabled": false,
            "db_name": "wordpress",
            "db_subnet_group_name": "db_subnet_preprod_pvt",
            "delete_automated_backups": true,
            "deletion_protection": false,
            "domain": "",
            "domain_iam_role_name": "",
            "enabled_cloudwatch_logs_exports": [],
            "endpoint": "rdspreprodgenaia.cdw9vleu1nkk.eu-south-2.rds.amazonaws.com:3306",
            "engine": "mariadb",
            "engine_version": "10.11.6",
            "engine_version_actual": "10.11.6",
            "final_snapshot_identifier": null,
            "hosted_zone_id": "Z054868215YW72CPTMV5S",
            "iam_database_authentication_enabled": false,
            "id": "db-KFX3JB7JY3WSLXLSZV24FFUAKM",
            "identifier": "rdspreprodgenaia",
            "identifier_prefix": "",
            "instance_class": "db.t3.medium",
            "iops": 0,
            "kms_key_id": "",
            "latest_restorable_time": "2024-02-27T14:25:00Z",
            "license_model": "general-public-license",
            "listener_endpoint": [],
            "maintenance_window": "sun:04:21-sun:04:51",
            "manage_master_user_password": null,
            "master_user_secret": [],
            "master_user_secret_kms_key_id": null,
            "max_allocated_storage": 0,
            "monitoring_interval": 0,
            "monitoring_role_arn": "",
            "multi_az": false,
            "nchar_character_set_name": "",
            "network_type": "IPV4",
            "option_group_name": "default:mariadb-10-11",
            "parameter_group_name": "default.mariadb10.11",
            "password": "QGj4871qe#u7uDiw",
            "performance_insights_enabled": false,
            "performance_insights_kms_key_id": "",
            "performance_insights_retention_period": 0,
            "port": 3306,
            "publicly_accessible": false,
            "replica_mode": "",
            "replicas": [],
            "replicate_source_db": "",
            "resource_id": "db-KFX3JB7JY3WSLXLSZV24FFUAKM",
            "restore_to_point_in_time": [],
            "s3_import": [],
            "skip_final_snapshot": true,
            "snapshot_identifier": null,
            "status": "available",
            "storage_encrypted": false,
            "storage_throughput": 0,
            "storage_type": "gp2",
            "tags": {
              "Name": "rdspreprodgenaia"
            },
            "tags_all": {
              "Name": "rdspreprodgenaia"
            },
            "timeouts": null,
            "timezone": "",
            "username": "admin",
            "vpc_security_group_ids": [
              "sg-03a1f2b83bc5c085a"
            ]
          },
          "sensitive_attributes": [],
          "private": "eyJlMmJmYjczMC1lY2FhLTExZTYtOGY4OC0zNDM2M2JjN2M0YzAiOnsiY3JlYXRlIjoyNDAwMDAwMDAwMDAwLCJkZWxldGUiOjM2MDAwMDAwMDAwMDAsInVwZGF0ZSI6NDgwMDAwMDAwMDAwMH0sInNjaGVtYV92ZXJzaW9uIjoiMiJ9",
          "dependencies": [
            "module.Private_Subnets.aws_subnet.this",
            "module.RDS-subnet_group.aws_db_subnet_group.this",
            "module.SG-EKS.aws_security_group.this",
            "module.VPC.aws_vpc.this"
          ]
        }
      ]
    },
    {
      "module": "module.Route_Table[\"rtbl-preprod-pub-subnets\"]",
      "mode": "managed",
      "type": "aws_route_table",
      "name": "this",
      "provider": "provider[\"registry.terraform.io/hashicorp/aws\"]",
      "instances": [
        {
          "schema_version": 0,
          "attributes": {
            "arn": "arn:aws:ec2:eu-south-2:105054799343:route-table/rtb-0e019ef72503f0fef",
            "id": "rtb-0e019ef72503f0fef",
            "owner_id": "105054799343",
            "propagating_vgws": [],
            "route": [
              {
                "carrier_gateway_id": "",
                "cidr_block": "0.0.0.0/0",
                "core_network_arn": "",
                "destination_prefix_list_id": "",
                "egress_only_gateway_id": "",
                "gateway_id": "igw-05af54184720be16c",
                "ipv6_cidr_block": "",
                "local_gateway_id": "",
                "nat_gateway_id": "",
                "network_interface_id": "",
                "transit_gateway_id": "",
                "vpc_endpoint_id": "",
                "vpc_peering_connection_id": ""
              }
            ],
            "tags": {
              "Name": "rtbl-preprod-pub-subnets"
            },
            "tags_all": {
              "Name": "rtbl-preprod-pub-subnets"
            },
            "timeouts": null,
            "vpc_id": "vpc-08c295bc35450b718"
          },
          "sensitive_attributes": [],
          "private": "eyJlMmJmYjczMC1lY2FhLTExZTYtOGY4OC0zNDM2M2JjN2M0YzAiOnsiY3JlYXRlIjozMDAwMDAwMDAwMDAsImRlbGV0ZSI6MzAwMDAwMDAwMDAwLCJ1cGRhdGUiOjEyMDAwMDAwMDAwMH19",
          "dependencies": [
            "module.VPC.aws_vpc.this"
          ]
        }
      ]
    },
    {
      "module": "module.Route_Table[\"rtbl-preprod-pvt-subnets\"]",
      "mode": "managed",
      "type": "aws_route_table",
      "name": "this",
      "provider": "provider[\"registry.terraform.io/hashicorp/aws\"]",
      "instances": [
        {
          "schema_version": 0,
          "attributes": {
            "arn": "arn:aws:ec2:eu-south-2:105054799343:route-table/rtb-05cec7ab5c55a0a43",
            "id": "rtb-05cec7ab5c55a0a43",
            "owner_id": "105054799343",
            "propagating_vgws": [
              "vgw-0dd89390bb8418984"
            ],
            "route": [
              {
                "carrier_gateway_id": "",
                "cidr_block": "0.0.0.0/0",
                "core_network_arn": "",
                "destination_prefix_list_id": "",
                "egress_only_gateway_id": "",
                "gateway_id": "",
                "ipv6_cidr_block": "",
                "local_gateway_id": "",
                "nat_gateway_id": "nat-0ab2add7740dec217",
                "network_interface_id": "",
                "transit_gateway_id": "",
                "vpc_endpoint_id": "",
                "vpc_peering_connection_id": ""
              }
            ],
            "tags": {
              "Name": "rtbl-preprod-pvt-subnets"
            },
            "tags_all": {
              "Name": "rtbl-preprod-pvt-subnets"
            },
            "timeouts": null,
            "vpc_id": "vpc-08c295bc35450b718"
          },
          "sensitive_attributes": [],
          "private": "eyJlMmJmYjczMC1lY2FhLTExZTYtOGY4OC0zNDM2M2JjN2M0YzAiOnsiY3JlYXRlIjozMDAwMDAwMDAwMDAsImRlbGV0ZSI6MzAwMDAwMDAwMDAwLCJ1cGRhdGUiOjEyMDAwMDAwMDAwMH19",
          "dependencies": [
            "module.VPC.aws_vpc.this"
          ]
        }
      ]
    },
    {
      "module": "module.SG-EKS[\"sg_eks_preprod_genia\"]",
      "mode": "managed",
      "type": "aws_security_group",
      "name": "this",
      "provider": "provider[\"registry.terraform.io/hashicorp/aws\"]",
      "instances": [
        {
          "schema_version": 1,
          "attributes": {
            "arn": "arn:aws:ec2:eu-south-2:105054799343:security-group/sg-0df664c3f76970cce",
            "description": "Managed by Terraform",
            "egress": [
              {
                "cidr_blocks": [
                  "0.0.0.0/0"
                ],
                "description": "",
                "from_port": 0,
                "ipv6_cidr_blocks": [],
                "prefix_list_ids": [],
                "protocol": "-1",
                "security_groups": [],
                "self": false,
                "to_port": 0
              }
            ],
            "id": "sg-0df664c3f76970cce",
            "ingress": [
              {
                "cidr_blocks": [
                  "0.0.0.0/0"
                ],
                "description": "Security group Cluster EKS",
                "from_port": 443,
                "ipv6_cidr_blocks": [],
                "prefix_list_ids": [],
                "protocol": "tcp",
                "security_groups": [],
                "self": false,
                "to_port": 443
              }
            ],
            "name": "terraform-20240219205428947100000001",
            "name_prefix": "terraform-",
            "owner_id": "105054799343",
            "revoke_rules_on_delete": false,
            "tags": {
              "Name": "sg_eks_preprod_genia"
            },
            "tags_all": {
              "Name": "sg_eks_preprod_genia"
            },
            "timeouts": null,
            "vpc_id": "vpc-08c295bc35450b718"
          },
          "sensitive_attributes": [],
          "private": "eyJlMmJmYjczMC1lY2FhLTExZTYtOGY4OC0zNDM2M2JjN2M0YzAiOnsiY3JlYXRlIjo2MDAwMDAwMDAwMDAsImRlbGV0ZSI6OTAwMDAwMDAwMDAwfSwic2NoZW1hX3ZlcnNpb24iOiIxIn0=",
          "dependencies": [
            "module.VPC.aws_vpc.this"
          ]
        }
      ]
    },
    {
      "module": "module.SG-EKS[\"sg_rds_preprod_genia\"]",
      "mode": "managed",
      "type": "aws_security_group",
      "name": "this",
      "provider": "provider[\"registry.terraform.io/hashicorp/aws\"]",
      "instances": [
        {
          "schema_version": 1,
          "attributes": {
            "arn": "arn:aws:ec2:eu-south-2:105054799343:security-group/sg-03a1f2b83bc5c085a",
            "description": "Managed by Terraform",
            "egress": [
              {
                "cidr_blocks": [
                  "0.0.0.0/0"
                ],
                "description": "",
                "from_port": 0,
                "ipv6_cidr_blocks": [],
                "prefix_list_ids": [],
                "protocol": "-1",
                "security_groups": [],
                "self": false,
                "to_port": 0
              }
            ],
            "id": "sg-03a1f2b83bc5c085a",
            "ingress": [
              {
                "cidr_blocks": [
                  "10.120.220.0/22",
                  "10.110.0.0/24"
                ],
                "description": "Security group Cluster EKS",
                "from_port": 3306,
                "ipv6_cidr_blocks": [],
                "prefix_list_ids": [],
                "protocol": "tcp",
                "security_groups": [],
                "self": false,
                "to_port": 3306
              }
            ],
            "name": "terraform-20240219192753006900000001",
            "name_prefix": "terraform-",
            "owner_id": "105054799343",
            "revoke_rules_on_delete": false,
            "tags": {
              "Name": "sg_rds_preprod_genia"
            },
            "tags_all": {
              "Name": "sg_rds_preprod_genia"
            },
            "timeouts": null,
            "vpc_id": "vpc-08c295bc35450b718"
          },
          "sensitive_attributes": [],
          "private": "eyJlMmJmYjczMC1lY2FhLTExZTYtOGY4OC0zNDM2M2JjN2M0YzAiOnsiY3JlYXRlIjo2MDAwMDAwMDAwMDAsImRlbGV0ZSI6OTAwMDAwMDAwMDAwfSwic2NoZW1hX3ZlcnNpb24iOiIxIn0=",
          "dependencies": [
            "module.VPC.aws_vpc.this"
          ]
        }
      ]
    },
    {
      "module": "module.VPC[\"vpc-preprod\"]",
      "mode": "managed",
      "type": "aws_vpc",
      "name": "this",
      "provider": "provider[\"registry.terraform.io/hashicorp/aws\"]",
      "instances": [
        {
          "schema_version": 1,
          "attributes": {
            "arn": "arn:aws:ec2:eu-south-2:105054799343:vpc/vpc-08c295bc35450b718",
            "assign_generated_ipv6_cidr_block": false,
            "cidr_block": "10.120.220.0/22",
            "default_network_acl_id": "acl-098bb077e9fccb682",
            "default_route_table_id": "rtb-0e56596264ce59ac9",
            "default_security_group_id": "sg-0375912b9b6ca85f1",
            "dhcp_options_id": "dopt-0d2b39a1cecedc9d0",
            "enable_dns_hostnames": true,
            "enable_dns_support": true,
            "enable_network_address_usage_metrics": false,
            "id": "vpc-08c295bc35450b718",
            "instance_tenancy": "default",
            "ipv4_ipam_pool_id": null,
            "ipv4_netmask_length": null,
            "ipv6_association_id": "",
            "ipv6_cidr_block": "",
            "ipv6_cidr_block_network_border_group": "",
            "ipv6_ipam_pool_id": "",
            "ipv6_netmask_length": 0,
            "main_route_table_id": "rtb-0e56596264ce59ac9",
            "owner_id": "105054799343",
            "tags": {
              "Name": "vpc-preprod"
            },
            "tags_all": {
              "Name": "vpc-preprod"
            }
          },
          "sensitive_attributes": [],
          "private": "eyJzY2hlbWFfdmVyc2lvbiI6IjEifQ=="
        }
      ]
    },
    {
      "module": "module.private_routes[\"rtbl-preprod-pvt-subnets\"]",
      "mode": "managed",
      "type": "aws_route",
      "name": "this",
      "provider": "provider[\"registry.terraform.io/hashicorp/aws\"]",
      "instances": [
        {
          "schema_version": 0,
          "attributes": {
            "carrier_gateway_id": "",
            "core_network_arn": "",
            "destination_cidr_block": "0.0.0.0/0",
            "destination_ipv6_cidr_block": "",
            "destination_prefix_list_id": "",
            "egress_only_gateway_id": "",
            "gateway_id": "",
            "id": "r-rtb-05cec7ab5c55a0a431080289494",
            "instance_id": "",
            "instance_owner_id": "",
            "local_gateway_id": "",
            "nat_gateway_id": "nat-0ab2add7740dec217",
            "network_interface_id": "",
            "origin": "CreateRoute",
            "route_table_id": "rtb-05cec7ab5c55a0a43",
            "state": "active",
            "timeouts": null,
            "transit_gateway_id": "",
            "vpc_endpoint_id": "",
            "vpc_peering_connection_id": ""
          },
          "sensitive_attributes": [],
          "private": "eyJlMmJmYjczMC1lY2FhLTExZTYtOGY4OC0zNDM2M2JjN2M0YzAiOnsiY3JlYXRlIjozMDAwMDAwMDAwMDAsImRlbGV0ZSI6MzAwMDAwMDAwMDAwLCJ1cGRhdGUiOjEyMDAwMDAwMDAwMH19",
          "dependencies": [
            "module.Elastic_IP.aws_eip.this",
            "module.NAT_Gateway.aws_nat_gateway.this",
            "module.Public_Subnets.aws_subnet.this",
            "module.Route_Table.aws_route_table.this",
            "module.VPC.aws_vpc.this"
          ]
        }
      ]
    },
    {
      "module": "module.public_routes[\"rtbl-preprod-pub-subnets\"]",
      "mode": "managed",
      "type": "aws_route",
      "name": "this",
      "provider": "provider[\"registry.terraform.io/hashicorp/aws\"]",
      "instances": [
        {
          "schema_version": 0,
          "attributes": {
            "carrier_gateway_id": "",
            "core_network_arn": "",
            "destination_cidr_block": "0.0.0.0/0",
            "destination_ipv6_cidr_block": "",
            "destination_prefix_list_id": "",
            "egress_only_gateway_id": "",
            "gateway_id": "igw-05af54184720be16c",
            "id": "r-rtb-0e019ef72503f0fef1080289494",
            "instance_id": "",
            "instance_owner_id": "",
            "local_gateway_id": "",
            "nat_gateway_id": "",
            "network_interface_id": "",
            "origin": "CreateRoute",
            "route_table_id": "rtb-0e019ef72503f0fef",
            "state": "active",
            "timeouts": null,
            "transit_gateway_id": "",
            "vpc_endpoint_id": "",
            "vpc_peering_connection_id": ""
          },
          "sensitive_attributes": [],
          "private": "eyJlMmJmYjczMC1lY2FhLTExZTYtOGY4OC0zNDM2M2JjN2M0YzAiOnsiY3JlYXRlIjozMDAwMDAwMDAwMDAsImRlbGV0ZSI6MzAwMDAwMDAwMDAwLCJ1cGRhdGUiOjEyMDAwMDAwMDAwMH19",
          "dependencies": [
            "module.Internet_Gateway.aws_internet_gateway.this",
            "module.Route_Table.aws_route_table.this",
            "module.VPC.aws_vpc.this"
          ]
        }
      ]
    },
    {
      "module": "module.route_table_association_private[\"association_1\"]",
      "mode": "managed",
      "type": "aws_route_table_association",
      "name": "this",
      "provider": "provider[\"registry.terraform.io/hashicorp/aws\"]",
      "instances": [
        {
          "schema_version": 0,
          "attributes": {
            "gateway_id": "",
            "id": "rtbassoc-02c25fca304ffeee0",
            "route_table_id": "rtb-05cec7ab5c55a0a43",
            "subnet_id": "subnet-0b89e46f7de010471",
            "timeouts": null
          },
          "sensitive_attributes": [],
          "private": "eyJlMmJmYjczMC1lY2FhLTExZTYtOGY4OC0zNDM2M2JjN2M0YzAiOnsiY3JlYXRlIjozMDAwMDAwMDAwMDAsImRlbGV0ZSI6MzAwMDAwMDAwMDAwLCJ1cGRhdGUiOjEyMDAwMDAwMDAwMH19",
          "dependencies": [
            "module.Private_Subnets.aws_subnet.this",
            "module.Route_Table.aws_route_table.this",
            "module.VPC.aws_vpc.this"
          ]
        }
      ]
    },
    {
      "module": "module.route_table_association_private[\"association_2\"]",
      "mode": "managed",
      "type": "aws_route_table_association",
      "name": "this",
      "provider": "provider[\"registry.terraform.io/hashicorp/aws\"]",
      "instances": [
        {
          "schema_version": 0,
          "attributes": {
            "gateway_id": "",
            "id": "rtbassoc-0ff0e7ad912195f94",
            "route_table_id": "rtb-05cec7ab5c55a0a43",
            "subnet_id": "subnet-02f4f10190eda1ac3",
            "timeouts": null
          },
          "sensitive_attributes": [],
          "private": "eyJlMmJmYjczMC1lY2FhLTExZTYtOGY4OC0zNDM2M2JjN2M0YzAiOnsiY3JlYXRlIjozMDAwMDAwMDAwMDAsImRlbGV0ZSI6MzAwMDAwMDAwMDAwLCJ1cGRhdGUiOjEyMDAwMDAwMDAwMH19",
          "dependencies": [
            "module.Private_Subnets.aws_subnet.this",
            "module.Route_Table.aws_route_table.this",
            "module.VPC.aws_vpc.this"
          ]
        }
      ]
    },
    {
      "module": "module.route_table_association_private[\"association_3\"]",
      "mode": "managed",
      "type": "aws_route_table_association",
      "name": "this",
      "provider": "provider[\"registry.terraform.io/hashicorp/aws\"]",
      "instances": [
        {
          "schema_version": 0,
          "attributes": {
            "gateway_id": "",
            "id": "rtbassoc-04fe77b3369afe498",
            "route_table_id": "rtb-05cec7ab5c55a0a43",
            "subnet_id": "subnet-05fa0f940b284e1d8",
            "timeouts": null
          },
          "sensitive_attributes": [],
          "private": "eyJlMmJmYjczMC1lY2FhLTExZTYtOGY4OC0zNDM2M2JjN2M0YzAiOnsiY3JlYXRlIjozMDAwMDAwMDAwMDAsImRlbGV0ZSI6MzAwMDAwMDAwMDAwLCJ1cGRhdGUiOjEyMDAwMDAwMDAwMH19",
          "dependencies": [
            "module.Private_Subnets.aws_subnet.this",
            "module.Route_Table.aws_route_table.this",
            "module.VPC.aws_vpc.this"
          ]
        }
      ]
    },
    {
      "module": "module.route_table_association_public[\"association_1\"]",
      "mode": "managed",
      "type": "aws_route_table_association",
      "name": "this",
      "provider": "provider[\"registry.terraform.io/hashicorp/aws\"]",
      "instances": [
        {
          "schema_version": 0,
          "attributes": {
            "gateway_id": "",
            "id": "rtbassoc-0707668d10a97bb6d",
            "route_table_id": "rtb-0e019ef72503f0fef",
            "subnet_id": "subnet-0d657ef394aea06cf",
            "timeouts": null
          },
          "sensitive_attributes": [],
          "private": "eyJlMmJmYjczMC1lY2FhLTExZTYtOGY4OC0zNDM2M2JjN2M0YzAiOnsiY3JlYXRlIjozMDAwMDAwMDAwMDAsImRlbGV0ZSI6MzAwMDAwMDAwMDAwLCJ1cGRhdGUiOjEyMDAwMDAwMDAwMH19",
          "dependencies": [
            "module.Public_Subnets.aws_subnet.this",
            "module.Route_Table.aws_route_table.this",
            "module.VPC.aws_vpc.this"
          ]
        }
      ]
    }
  ],
  "check_results": null
}
