{
  "version": 4,
  "terraform_version": "1.7.4",
  "serial": 164,
  "lineage": "eb40c0a3-b86b-485e-dc0d-573e61710ec1",
  "outputs": {},
  "resources": [
    {
      "module": "module.Backup-Plan[\"rds-genaia-prod-daily\"]",
      "mode": "managed",
      "type": "aws_backup_plan",
      "name": "this",
      "provider": "provider[\"registry.terraform.io/hashicorp/aws\"]",
      "instances": [
        {
          "schema_version": 0,
          "attributes": {
            "advanced_backup_setting": [],
            "arn": "arn:aws:backup:eu-south-2:105054799343:backup-plan:438c088c-3f34-4eb0-aeff-b07a17aff17c",
            "id": "438c088c-3f34-4eb0-aeff-b07a17aff17c",
            "name": "rds-plan-backup",
            "rule": [
              {
                "completion_window": 180,
                "copy_action": [],
                "enable_continuous_backup": false,
                "lifecycle": [
                  {
                    "cold_storage_after": 0,
                    "delete_after": 7,
                    "opt_in_to_archive_for_supported_resources": false
                  }
                ],
                "recovery_point_tags": {},
                "rule_name": "rds-genaia-prod-daily",
                "schedule": "cron(0 1 * * ?)",
                "start_window": 60,
                "target_vault_name": "rds-prod-genaia"
              }
            ],
            "tags": {},
            "tags_all": {},
            "version": "N2Q2NDE3YzYtMGI0Zi00NmM1LTgyN2YtNWYwZDM0Yjk3MDYx"
          },
          "sensitive_attributes": [],
          "private": "bnVsbA=="
        }
      ]
    },
    {
      "module": "module.Backup-Plan[\"rds-genaia-prod-week\"]",
      "mode": "managed",
      "type": "aws_backup_plan",
      "name": "this",
      "provider": "provider[\"registry.terraform.io/hashicorp/aws\"]",
      "instances": [
        {
          "schema_version": 0,
          "attributes": {
            "advanced_backup_setting": [],
            "arn": "arn:aws:backup:eu-south-2:105054799343:backup-plan:31ac36a9-b168-4280-b4b3-1cb2f17e1b41",
            "id": "31ac36a9-b168-4280-b4b3-1cb2f17e1b41",
            "name": "rds-plan-backup",
            "rule": [
              {
                "completion_window": 180,
                "copy_action": [],
                "enable_continuous_backup": false,
                "lifecycle": [
                  {
                    "cold_storage_after": 0,
                    "delete_after": 30,
                    "opt_in_to_archive_for_supported_resources": false
                  }
                ],
                "recovery_point_tags": {},
                "rule_name": "rds-genaia-prod-week",
                "schedule": "cron(0 2 ? * 1)",
                "start_window": 60,
                "target_vault_name": "rds-prod-genaia"
              }
            ],
            "tags": {},
            "tags_all": {},
            "version": "YTRmNDM1MGQtYmEzMy00Yjk5LTgzODEtYzY2MThkMTgyNGQx"
          },
          "sensitive_attributes": [],
          "private": "bnVsbA=="
        }
      ]
    },
    {
      "module": "module.Backup-Selection[\"Daily-7days-Retention\"]",
      "mode": "managed",
      "type": "aws_backup_selection",
      "name": "this",
      "provider": "provider[\"registry.terraform.io/hashicorp/aws\"]",
      "instances": [
        {
          "schema_version": 0,
          "attributes": {
            "condition": [
              {
                "string_equals": [],
                "string_like": [],
                "string_not_equals": [],
                "string_not_like": []
              }
            ],
            "iam_role_arn": "arn:aws:iam::105054799343:role/BackupServiceRoleToGenia",
            "id": "5cbb80a2-ba41-4ce9-a8f6-a026d6320798",
            "name": "Daily-7days-Retention",
            "not_resources": [],
            "plan_id": "438c088c-3f34-4eb0-aeff-b07a17aff17c",
            "resources": [
              "arn:aws:rds:eu-south-2:105054799343:db:rdsprodgenaia"
            ],
            "selection_tag": []
          },
          "sensitive_attributes": [],
          "private": "bnVsbA==",
          "dependencies": [
            "module.Backup-Plan.aws_backup_plan.this",
            "module.Private_Subnets.aws_subnet.this",
            "module.RDS-subnet_group.aws_db_subnet_group.this",
            "module.RDS.aws_db_instance.this",
            "module.SG-EKS.aws_security_group.this",
            "module.VPC.aws_vpc.this"
          ]
        }
      ]
    },
    {
      "module": "module.Backup-Selection[\"rds-genaia-prod-week\"]",
      "mode": "managed",
      "type": "aws_backup_selection",
      "name": "this",
      "provider": "provider[\"registry.terraform.io/hashicorp/aws\"]",
      "instances": [
        {
          "schema_version": 0,
          "attributes": {
            "condition": [
              {
                "string_equals": [],
                "string_like": [],
                "string_not_equals": [],
                "string_not_like": []
              }
            ],
            "iam_role_arn": "arn:aws:iam::105054799343:role/BackupServiceRoleToGenia",
            "id": "29d43f02-80eb-4e81-a159-a3425ec26693",
            "name": "rds-genaia-prod-week",
            "not_resources": [],
            "plan_id": "31ac36a9-b168-4280-b4b3-1cb2f17e1b41",
            "resources": [
              "arn:aws:rds:eu-south-2:105054799343:db:rdsprodgenaia"
            ],
            "selection_tag": []
          },
          "sensitive_attributes": [],
          "private": "bnVsbA==",
          "dependencies": [
            "module.Backup-Plan.aws_backup_plan.this",
            "module.Private_Subnets.aws_subnet.this",
            "module.RDS-subnet_group.aws_db_subnet_group.this",
            "module.RDS.aws_db_instance.this",
            "module.SG-EKS.aws_security_group.this",
            "module.VPC.aws_vpc.this"
          ]
        }
      ]
    },
    {
      "module": "module.Backup-Vault[\"rds-prod-genaia\"]",
      "mode": "managed",
      "type": "aws_backup_vault",
      "name": "this",
      "provider": "provider[\"registry.terraform.io/hashicorp/aws\"]",
      "instances": [
        {
          "schema_version": 0,
          "attributes": {
            "arn": "arn:aws:backup:eu-south-2:105054799343:backup-vault:rds-prod-genaia",
            "force_destroy": false,
            "id": "rds-prod-genaia",
            "kms_key_arn": "arn:aws:kms:eu-south-2:105054799343:key/41aa3c56-7c43-40aa-a61c-36554f781d72",
            "name": "rds-prod-genaia",
            "recovery_points": 0,
            "tags": {},
            "tags_all": {},
            "timeouts": null
          },
          "sensitive_attributes": [],
          "private": "eyJlMmJmYjczMC1lY2FhLTExZTYtOGY4OC0zNDM2M2JjN2M0YzAiOnsiZGVsZXRlIjo2MDAwMDAwMDAwMDB9fQ=="
        }
      ]
    },
    {
      "module": "module.EKS_Addon[\"addon_1\"]",
      "mode": "managed",
      "type": "aws_eks_addon",
      "name": "this",
      "provider": "provider[\"registry.terraform.io/hashicorp/aws\"]",
      "instances": [
        {
          "schema_version": 0,
          "attributes": {
            "addon_name": "vpc-cni",
            "addon_version": "v1.15.1-eksbuild.1",
            "arn": "arn:aws:eks:eu-south-2:105054799343:addon/eks-prod-genaia/vpc-cni/4ac6bf57-91e5-99d8-d156-13abe44c0656",
            "cluster_name": "eks-prod-genaia",
            "configuration_values": "",
            "created_at": "2024-02-06T13:50:23Z",
            "id": "eks-prod-genaia:vpc-cni",
            "modified_at": "2024-02-06T13:50:31Z",
            "preserve": null,
            "resolve_conflicts": null,
            "resolve_conflicts_on_create": null,
            "resolve_conflicts_on_update": null,
            "service_account_role_arn": "",
            "tags": {},
            "tags_all": {},
            "timeouts": null
          },
          "sensitive_attributes": [],
          "private": "eyJlMmJmYjczMC1lY2FhLTExZTYtOGY4OC0zNDM2M2JjN2M0YzAiOnsiY3JlYXRlIjoxMjAwMDAwMDAwMDAwLCJkZWxldGUiOjI0MDAwMDAwMDAwMDAsInVwZGF0ZSI6MTIwMDAwMDAwMDAwMH19",
          "dependencies": [
            "module.EKS_Cluster.aws_eks_cluster.this",
            "module.Private_Subnets.aws_subnet.this",
            "module.VPC.aws_vpc.this"
          ]
        }
      ]
    },
    {
      "module": "module.EKS_Addon[\"addon_3\"]",
      "mode": "managed",
      "type": "aws_eks_addon",
      "name": "this",
      "provider": "provider[\"registry.terraform.io/hashicorp/aws\"]",
      "instances": [
        {
          "schema_version": 0,
          "attributes": {
            "addon_name": "kube-proxy",
            "addon_version": "v1.28.2-eksbuild.2",
            "arn": "arn:aws:eks:eu-south-2:105054799343:addon/eks-prod-genaia/kube-proxy/96c6bf57-91e2-b6ff-866d-c58e8f8a8acc",
            "cluster_name": "eks-prod-genaia",
            "configuration_values": "",
            "created_at": "2024-02-06T13:50:23Z",
            "id": "eks-prod-genaia:kube-proxy",
            "modified_at": "2024-02-06T13:50:26Z",
            "preserve": null,
            "resolve_conflicts": null,
            "resolve_conflicts_on_create": null,
            "resolve_conflicts_on_update": null,
            "service_account_role_arn": "",
            "tags": {},
            "tags_all": {},
            "timeouts": null
          },
          "sensitive_attributes": [],
          "private": "eyJlMmJmYjczMC1lY2FhLTExZTYtOGY4OC0zNDM2M2JjN2M0YzAiOnsiY3JlYXRlIjoxMjAwMDAwMDAwMDAwLCJkZWxldGUiOjI0MDAwMDAwMDAwMDAsInVwZGF0ZSI6MTIwMDAwMDAwMDAwMH19",
          "dependencies": [
            "module.EKS_Cluster.aws_eks_cluster.this",
            "module.Private_Subnets.aws_subnet.this",
            "module.VPC.aws_vpc.this"
          ]
        }
      ]
    },
    {
      "module": "module.EKS_Addon[\"addon_4\"]",
      "mode": "managed",
      "type": "aws_eks_addon",
      "name": "this",
      "provider": "provider[\"registry.terraform.io/hashicorp/aws\"]",
      "instances": [
        {
          "schema_version": 0,
          "attributes": {
            "addon_name": "eks-pod-identity-agent",
            "addon_version": "v1.1.0-eksbuild.1",
            "arn": "arn:aws:eks:eu-south-2:105054799343:addon/eks-prod-genaia/eks-pod-identity-agent/8ac6bf57-923d-7a23-a26c-f4ae5d590059",
            "cluster_name": "eks-prod-genaia",
            "configuration_values": "",
            "created_at": "2024-02-06T13:50:24Z",
            "id": "eks-prod-genaia:eks-pod-identity-agent",
            "modified_at": "2024-02-06T13:50:27Z",
            "preserve": null,
            "resolve_conflicts": null,
            "resolve_conflicts_on_create": null,
            "resolve_conflicts_on_update": null,
            "service_account_role_arn": "",
            "tags": {},
            "tags_all": {},
            "timeouts": null
          },
          "sensitive_attributes": [],
          "private": "eyJlMmJmYjczMC1lY2FhLTExZTYtOGY4OC0zNDM2M2JjN2M0YzAiOnsiY3JlYXRlIjoxMjAwMDAwMDAwMDAwLCJkZWxldGUiOjI0MDAwMDAwMDAwMDAsInVwZGF0ZSI6MTIwMDAwMDAwMDAwMH19",
          "dependencies": [
            "module.EKS_Cluster.aws_eks_cluster.this",
            "module.Private_Subnets.aws_subnet.this",
            "module.VPC.aws_vpc.this"
          ]
        }
      ]
    },
    {
      "module": "module.EKS_Cluster[\"eks-prod-genaia\"]",
      "mode": "managed",
      "type": "aws_eks_cluster",
      "name": "this",
      "provider": "provider[\"registry.terraform.io/hashicorp/aws\"]",
      "instances": [
        {
          "schema_version": 0,
          "attributes": {
            "access_config": [
              {
                "authentication_mode": "API_AND_CONFIG_MAP",
                "bootstrap_cluster_creator_admin_permissions": true
              }
            ],
            "arn": "arn:aws:eks:eu-south-2:105054799343:cluster/eks-prod-genaia",
            "certificate_authority": [
              {
                "data": "LS0tLS1CRUdJTiBDRVJUSUZJQ0FURS0tLS0tCk1JSURCVENDQWUyZ0F3SUJBZ0lJUFVJQlBJbFoxd2N3RFFZSktvWklodmNOQVFFTEJRQXdGVEVUTUJFR0ExVUUKQXhNS2EzVmlaWEp1WlhSbGN6QWVGdzB5TkRBeU1EWXhNekV6TkRGYUZ3MHpOREF5TURNeE16RTROREZhTUJVeApFekFSQmdOVkJBTVRDbXQxWW1WeWJtVjBaWE13Z2dFaU1BMEdDU3FHU0liM0RRRUJBUVVBQTRJQkR3QXdnZ0VLCkFvSUJBUURCRlJmZHREZkIxWElIK2tpTHN4c2dvQmJPaGszYUdQVUx2b3krV05uNEx5eUtNV0dGMFNLQ055YzYKTWxna1l6NzhqWVVoZUk0L2xIMXVBZ1dVdWsvWGJ6S2tBanA2RlRodVVBODRLK3lqWnlUS0ozVklPNVNUalBzZApMY1kxa1BaaysraU95SHBhMHN2TVRZb04yUzZPSEhhTlpQZ3VLRGYxb0JiS0RXUS9qWEFDc01YVlJRL3lPcjRtClc4OFdJK0JwT241K2xKaTlidFl5NEx3RmZXNnlQQ2JHQnVoZzc1eDJiOVNHWUF5MTdJdE1oakxPUnErYmdXZmcKTTl0eE9PSWJ2VW9meDdyM3RFZjhSSDh6NHNxZGtJNVdZNWw3UjVmRFc5MFlYUjdxcUlnaGxkeUpwemcxM2orcgpYbWl5Tnkvcmkwa0Q3YzJ0KzROelZ1TnB2VDY5QWdNQkFBR2pXVEJYTUE0R0ExVWREd0VCL3dRRUF3SUNwREFQCkJnTlZIUk1CQWY4RUJUQURBUUgvTUIwR0ExVWREZ1FXQkJTZFJ6bzFtUUppd3ZPZ0o5c1Q2Q0xHZ2sxNXR6QVYKQmdOVkhSRUVEakFNZ2dwcmRXSmxjbTVsZEdWek1BMEdDU3FHU0liM0RRRUJDd1VBQTRJQkFRQ2svRHZLelNaMgpKWjY0YkU5bURtQVdtN0RadllvZFRJWlBWamF3RDQ4SzVoV3AyZ2Z3MU9TUWVBbC93OFZBY01OanRuOE1VSmxyCllNWGo2RGJOT2tDWlpQcFZ3S250TkFkcHdiamx4THN3cUg1YzZjcWtjbFFTY2pBOVdLdjlxK1MwVEhadzh3YXgKSTB3cFJDMHFTWDhBZ2JlOEs3NnFacHZuWS9pNVloMlAycTdMK3l2dnpLUDhyNmVtL3ZXR2lNekZwalJZcm9pbgpLYjVMcVVmMXNEWTRZaFR1a0xNV2lNRWkrdTV5ZytpNWM5U3lKNC84S3ExL21BNm5ZMDU5STMwRzdPYU55dDN6CjRZK05uVU1PWjluWGtZV1QvWDZDMkRDWHF2a092alVmTldBK2laZFVpT0tLNkpxWTRxM0lQQndhNHlSSlVqNy8KbHZnaXdRRmdMTTNaCi0tLS0tRU5EIENFUlRJRklDQVRFLS0tLS0K"
              }
            ],
            "cluster_id": null,
            "created_at": "2024-02-06 13:14:22.978 +0000 UTC",
            "enabled_cluster_log_types": [],
            "encryption_config": [],
            "endpoint": "https://5E3AF98D7D22A43A834F256366453553.yl4.eu-south-2.eks.amazonaws.com",
            "id": "eks-prod-genaia",
            "identity": [
              {
                "oidc": [
                  {
                    "issuer": "https://oidc.eks.eu-south-2.amazonaws.com/id/5E3AF98D7D22A43A834F256366453553"
                  }
                ]
              }
            ],
            "kubernetes_network_config": [
              {
                "ip_family": "ipv4",
                "service_ipv4_cidr": "172.20.0.0/16",
                "service_ipv6_cidr": ""
              }
            ],
            "name": "eks-prod-genaia",
            "outpost_config": [],
            "platform_version": "eks.7",
            "role_arn": "arn:aws:iam::105054799343:role/EKSGENAIAClusterRole",
            "status": "ACTIVE",
            "tags": {},
            "tags_all": {},
            "timeouts": null,
            "version": "1.28",
            "vpc_config": [
              {
                "cluster_security_group_id": "sg-009e66591156fb15b",
                "endpoint_private_access": true,
                "endpoint_public_access": false,
                "public_access_cidrs": [],
                "security_group_ids": [],
                "subnet_ids": [
                  "subnet-0054a76be741b7ec6",
                  "subnet-0986a1247b90bf944",
                  "subnet-0e7496470c100cb71"
                ],
                "vpc_id": "vpc-095ac05dd893b0748"
              }
            ]
          },
          "sensitive_attributes": [],
          "private": "eyJlMmJmYjczMC1lY2FhLTExZTYtOGY4OC0zNDM2M2JjN2M0YzAiOnsiY3JlYXRlIjoxODAwMDAwMDAwMDAwLCJkZWxldGUiOjkwMDAwMDAwMDAwMCwidXBkYXRlIjozNjAwMDAwMDAwMDAwfX0=",
          "dependencies": [
            "module.Private_Subnets.aws_subnet.this",
            "module.VPC.aws_vpc.this"
          ]
        }
      ]
    },
    {
      "module": "module.EKS_Node_Group[\"m7i_2xlarge_prod\"]",
      "mode": "managed",
      "type": "aws_eks_node_group",
      "name": "this",
      "provider": "provider[\"registry.terraform.io/hashicorp/aws\"]",
      "instances": [
        {
          "schema_version": 0,
          "attributes": {
            "ami_type": "AL2_x86_64",
            "arn": "arn:aws:eks:eu-south-2:105054799343:nodegroup/eks-prod-genaia/m7i_2xlarge_prod/94c6bf57-91e4-c9d2-81d0-b2b5d065bdbf",
            "capacity_type": "ON_DEMAND",
            "cluster_name": "eks-prod-genaia",
            "disk_size": 20,
            "force_update_version": null,
            "id": "eks-prod-genaia:m7i_2xlarge_prod",
            "instance_types": [
              "m7i.2xlarge"
            ],
            "labels": {},
            "launch_template": [],
            "node_group_name": "m7i_2xlarge_prod",
            "node_group_name_prefix": "",
            "node_role_arn": "arn:aws:iam::105054799343:role/AmazonEKSNodeRole_prod",
            "release_version": "1.28.5-20240202",
            "remote_access": [],
            "resources": [
              {
                "autoscaling_groups": [
                  {
                    "name": "eks-m7i_2xlarge_prod-94c6bf57-91e4-c9d2-81d0-b2b5d065bdbf"
                  }
                ],
                "remote_access_security_group_id": ""
              }
            ],
            "scaling_config": [
              {
                "desired_size": 2,
                "max_size": 2,
                "min_size": 2
              }
            ],
            "status": "ACTIVE",
            "subnet_ids": [
              "subnet-0054a76be741b7ec6",
              "subnet-0986a1247b90bf944",
              "subnet-0e7496470c100cb71"
            ],
            "tags": {},
            "tags_all": {},
            "taint": [],
            "timeouts": null,
            "update_config": [
              {
                "max_unavailable": 1,
                "max_unavailable_percentage": 0
              }
            ],
            "version": "1.28"
          },
          "sensitive_attributes": [],
          "private": "eyJlMmJmYjczMC1lY2FhLTExZTYtOGY4OC0zNDM2M2JjN2M0YzAiOnsiY3JlYXRlIjozNjAwMDAwMDAwMDAwLCJkZWxldGUiOjM2MDAwMDAwMDAwMDAsInVwZGF0ZSI6MzYwMDAwMDAwMDAwMH19",
          "dependencies": [
            "module.Private_Subnets.aws_subnet.this",
            "module.VPC.aws_vpc.this"
          ]
        }
      ]
    },
    {
      "module": "module.Elastic_IP[\"eip-prod-nat-prod-a\"]",
      "mode": "managed",
      "type": "aws_eip",
      "name": "this",
      "provider": "provider[\"registry.terraform.io/hashicorp/aws\"]",
      "instances": [
        {
          "schema_version": 0,
          "attributes": {
            "address": null,
            "allocation_id": "eipalloc-0d5dc63b1d2d60084",
            "associate_with_private_ip": null,
            "association_id": "eipassoc-0ead75d7d6417b33e",
            "carrier_ip": "",
            "customer_owned_ip": "",
            "customer_owned_ipv4_pool": "",
            "domain": "vpc",
            "id": "eipalloc-0d5dc63b1d2d60084",
            "instance": "",
            "network_border_group": "eu-south-2",
            "network_interface": "eni-05df9f013ba18d78a",
            "private_dns": "ip-10-120-227-46.eu-south-2.compute.internal",
            "private_ip": "10.120.227.46",
            "public_dns": "ec2-18-101-192-174.eu-south-2.compute.amazonaws.com",
            "public_ip": "18.101.192.174",
            "public_ipv4_pool": "amazon",
            "tags": {
              "Name": "eip-prod-nat-prod-a"
            },
            "tags_all": {
              "Name": "eip-prod-nat-prod-a"
            },
            "timeouts": null,
            "vpc": true
          },
          "sensitive_attributes": [],
          "private": "eyJlMmJmYjczMC1lY2FhLTExZTYtOGY4OC0zNDM2M2JjN2M0YzAiOnsiZGVsZXRlIjoxODAwMDAwMDAwMDAsInJlYWQiOjkwMDAwMDAwMDAwMCwidXBkYXRlIjozMDAwMDAwMDAwMDB9fQ=="
        }
      ]
    },
    {
      "module": "module.Internet_Gateway[\"igw-prod\"]",
      "mode": "managed",
      "type": "aws_internet_gateway",
      "name": "this",
      "provider": "provider[\"registry.terraform.io/hashicorp/aws\"]",
      "instances": [
        {
          "schema_version": 0,
          "attributes": {
            "arn": "arn:aws:ec2:eu-south-2:105054799343:internet-gateway/igw-05163b3d0e80ffab2",
            "id": "igw-05163b3d0e80ffab2",
            "owner_id": "105054799343",
            "tags": {
              "Name": "igw-prod"
            },
            "tags_all": {
              "Name": "igw-prod"
            },
            "timeouts": null,
            "vpc_id": "vpc-095ac05dd893b0748"
          },
          "sensitive_attributes": [],
          "private": "eyJlMmJmYjczMC1lY2FhLTExZTYtOGY4OC0zNDM2M2JjN2M0YzAiOnsiY3JlYXRlIjoxMjAwMDAwMDAwMDAwLCJkZWxldGUiOjEyMDAwMDAwMDAwMDAsInVwZGF0ZSI6MTIwMDAwMDAwMDAwMH19",
          "dependencies": [
            "module.VPC.aws_vpc.this"
          ]
        }
      ]
    },
    {
      "module": "module.NAT_Gateway[\"nat-prod-pub-a\"]",
      "mode": "managed",
      "type": "aws_nat_gateway",
      "name": "this",
      "provider": "provider[\"registry.terraform.io/hashicorp/aws\"]",
      "instances": [
        {
          "schema_version": 0,
          "attributes": {
            "allocation_id": "eipalloc-0d5dc63b1d2d60084",
            "association_id": "eipassoc-0ead75d7d6417b33e",
            "connectivity_type": "public",
            "id": "nat-06bcffcc9fc55a875",
            "network_interface_id": "eni-05df9f013ba18d78a",
            "private_ip": "10.120.227.46",
            "public_ip": "18.101.192.174",
            "secondary_allocation_ids": [],
            "secondary_private_ip_address_count": 0,
            "secondary_private_ip_addresses": [],
            "subnet_id": "subnet-0d7a5541ae2069e11",
            "tags": {
              "Name": "nat-prod-pub-a"
            },
            "tags_all": {
              "Name": "nat-prod-pub-a"
            },
            "timeouts": null
          },
          "sensitive_attributes": [],
          "private": "eyJlMmJmYjczMC1lY2FhLTExZTYtOGY4OC0zNDM2M2JjN2M0YzAiOnsiY3JlYXRlIjo2MDAwMDAwMDAwMDAsImRlbGV0ZSI6MTgwMDAwMDAwMDAwMCwidXBkYXRlIjo2MDAwMDAwMDAwMDB9fQ==",
          "dependencies": [
            "module.Elastic_IP.aws_eip.this",
            "module.Public_Subnets.aws_subnet.this",
            "module.VPC.aws_vpc.this"
          ]
        }
      ]
    },
    {
      "module": "module.Private_Subnets[\"subnet-prod-pvt-a\"]",
      "mode": "managed",
      "type": "aws_subnet",
      "name": "this",
      "provider": "provider[\"registry.terraform.io/hashicorp/aws\"]",
      "instances": [
        {
          "schema_version": 1,
          "attributes": {
            "arn": "arn:aws:ec2:eu-south-2:105054799343:subnet/subnet-0986a1247b90bf944",
            "assign_ipv6_address_on_creation": false,
            "availability_zone": "eu-south-2a",
            "availability_zone_id": "eus2-az1",
            "cidr_block": "10.120.224.0/24",
            "customer_owned_ipv4_pool": "",
            "enable_dns64": false,
            "enable_lni_at_device_index": 0,
            "enable_resource_name_dns_a_record_on_launch": false,
            "enable_resource_name_dns_aaaa_record_on_launch": false,
            "id": "subnet-0986a1247b90bf944",
            "ipv6_cidr_block": "",
            "ipv6_cidr_block_association_id": "",
            "ipv6_native": false,
            "map_customer_owned_ip_on_launch": false,
            "map_public_ip_on_launch": false,
            "outpost_arn": "",
            "owner_id": "105054799343",
            "private_dns_hostname_type_on_launch": "ip-name",
            "tags": {
              "Name": "subnet-prod-pvt-a"
            },
            "tags_all": {
              "Name": "subnet-prod-pvt-a"
            },
            "timeouts": null,
            "vpc_id": "vpc-095ac05dd893b0748"
          },
          "sensitive_attributes": [],
          "private": "eyJlMmJmYjczMC1lY2FhLTExZTYtOGY4OC0zNDM2M2JjN2M0YzAiOnsiY3JlYXRlIjo2MDAwMDAwMDAwMDAsImRlbGV0ZSI6MTIwMDAwMDAwMDAwMH0sInNjaGVtYV92ZXJzaW9uIjoiMSJ9",
          "dependencies": [
            "module.VPC.aws_vpc.this"
          ]
        }
      ]
    },
    {
      "module": "module.Private_Subnets[\"subnet-prod-pvt-b\"]",
      "mode": "managed",
      "type": "aws_subnet",
      "name": "this",
      "provider": "provider[\"registry.terraform.io/hashicorp/aws\"]",
      "instances": [
        {
          "schema_version": 1,
          "attributes": {
            "arn": "arn:aws:ec2:eu-south-2:105054799343:subnet/subnet-0054a76be741b7ec6",
            "assign_ipv6_address_on_creation": false,
            "availability_zone": "eu-south-2b",
            "availability_zone_id": "eus2-az2",
            "cidr_block": "10.120.225.0/24",
            "customer_owned_ipv4_pool": "",
            "enable_dns64": false,
            "enable_lni_at_device_index": 0,
            "enable_resource_name_dns_a_record_on_launch": false,
            "enable_resource_name_dns_aaaa_record_on_launch": false,
            "id": "subnet-0054a76be741b7ec6",
            "ipv6_cidr_block": "",
            "ipv6_cidr_block_association_id": "",
            "ipv6_native": false,
            "map_customer_owned_ip_on_launch": false,
            "map_public_ip_on_launch": false,
            "outpost_arn": "",
            "owner_id": "105054799343",
            "private_dns_hostname_type_on_launch": "ip-name",
            "tags": {
              "Name": "subnet-prod-pvt-b"
            },
            "tags_all": {
              "Name": "subnet-prod-pvt-b"
            },
            "timeouts": null,
            "vpc_id": "vpc-095ac05dd893b0748"
          },
          "sensitive_attributes": [],
          "private": "eyJlMmJmYjczMC1lY2FhLTExZTYtOGY4OC0zNDM2M2JjN2M0YzAiOnsiY3JlYXRlIjo2MDAwMDAwMDAwMDAsImRlbGV0ZSI6MTIwMDAwMDAwMDAwMH0sInNjaGVtYV92ZXJzaW9uIjoiMSJ9",
          "dependencies": [
            "module.VPC.aws_vpc.this"
          ]
        }
      ]
    },
    {
      "module": "module.Private_Subnets[\"subnet-prod-pvt-c\"]",
      "mode": "managed",
      "type": "aws_subnet",
      "name": "this",
      "provider": "provider[\"registry.terraform.io/hashicorp/aws\"]",
      "instances": [
        {
          "schema_version": 1,
          "attributes": {
            "arn": "arn:aws:ec2:eu-south-2:105054799343:subnet/subnet-0e7496470c100cb71",
            "assign_ipv6_address_on_creation": false,
            "availability_zone": "eu-south-2c",
            "availability_zone_id": "eus2-az3",
            "cidr_block": "10.120.226.0/24",
            "customer_owned_ipv4_pool": "",
            "enable_dns64": false,
            "enable_lni_at_device_index": 0,
            "enable_resource_name_dns_a_record_on_launch": false,
            "enable_resource_name_dns_aaaa_record_on_launch": false,
            "id": "subnet-0e7496470c100cb71",
            "ipv6_cidr_block": "",
            "ipv6_cidr_block_association_id": "",
            "ipv6_native": false,
            "map_customer_owned_ip_on_launch": false,
            "map_public_ip_on_launch": false,
            "outpost_arn": "",
            "owner_id": "105054799343",
            "private_dns_hostname_type_on_launch": "ip-name",
            "tags": {
              "Name": "subnet-prod-pvt-c"
            },
            "tags_all": {
              "Name": "subnet-prod-pvt-c"
            },
            "timeouts": null,
            "vpc_id": "vpc-095ac05dd893b0748"
          },
          "sensitive_attributes": [],
          "private": "eyJlMmJmYjczMC1lY2FhLTExZTYtOGY4OC0zNDM2M2JjN2M0YzAiOnsiY3JlYXRlIjo2MDAwMDAwMDAwMDAsImRlbGV0ZSI6MTIwMDAwMDAwMDAwMH0sInNjaGVtYV92ZXJzaW9uIjoiMSJ9",
          "dependencies": [
            "module.VPC.aws_vpc.this"
          ]
        }
      ]
    },
    {
      "module": "module.Public_Subnets[\"subnet-prod-pub-a\"]",
      "mode": "managed",
      "type": "aws_subnet",
      "name": "this",
      "provider": "provider[\"registry.terraform.io/hashicorp/aws\"]",
      "instances": [
        {
          "schema_version": 1,
          "attributes": {
            "arn": "arn:aws:ec2:eu-south-2:105054799343:subnet/subnet-0d7a5541ae2069e11",
            "assign_ipv6_address_on_creation": false,
            "availability_zone": "eu-south-2a",
            "availability_zone_id": "eus2-az1",
            "cidr_block": "10.120.227.0/26",
            "customer_owned_ipv4_pool": "",
            "enable_dns64": false,
            "enable_lni_at_device_index": 0,
            "enable_resource_name_dns_a_record_on_launch": false,
            "enable_resource_name_dns_aaaa_record_on_launch": false,
            "id": "subnet-0d7a5541ae2069e11",
            "ipv6_cidr_block": "",
            "ipv6_cidr_block_association_id": "",
            "ipv6_native": false,
            "map_customer_owned_ip_on_launch": false,
            "map_public_ip_on_launch": true,
            "outpost_arn": "",
            "owner_id": "105054799343",
            "private_dns_hostname_type_on_launch": "ip-name",
            "tags": {
              "Name": "subnet-prod-pub-a"
            },
            "tags_all": {
              "Name": "subnet-prod-pub-a"
            },
            "timeouts": null,
            "vpc_id": "vpc-095ac05dd893b0748"
          },
          "sensitive_attributes": [],
          "private": "eyJlMmJmYjczMC1lY2FhLTExZTYtOGY4OC0zNDM2M2JjN2M0YzAiOnsiY3JlYXRlIjo2MDAwMDAwMDAwMDAsImRlbGV0ZSI6MTIwMDAwMDAwMDAwMH0sInNjaGVtYV92ZXJzaW9uIjoiMSJ9",
          "dependencies": [
            "module.VPC.aws_vpc.this"
          ]
        }
      ]
    },
    {
      "module": "module.RDS-subnet_group[\"db_subnet_prod_pvt\"]",
      "mode": "managed",
      "type": "aws_db_subnet_group",
      "name": "this",
      "provider": "provider[\"registry.terraform.io/hashicorp/aws\"]",
      "instances": [
        {
          "schema_version": 0,
          "attributes": {
            "arn": "arn:aws:rds:eu-south-2:105054799343:subgrp:db_subnet_prod_pvt",
            "description": "Managed by Terraform",
            "id": "db_subnet_prod_pvt",
            "name": "db_subnet_prod_pvt",
            "name_prefix": "",
            "subnet_ids": [
              "subnet-0054a76be741b7ec6",
              "subnet-0986a1247b90bf944",
              "subnet-0e7496470c100cb71"
            ],
            "supported_network_types": [],
            "tags": {},
            "tags_all": {},
            "vpc_id": "vpc-095ac05dd893b0748"
          },
          "sensitive_attributes": [],
          "private": "bnVsbA==",
          "dependencies": [
            "module.Private_Subnets.aws_subnet.this",
            "module.VPC.aws_vpc.this"
          ]
        }
      ]
    },
    {
      "module": "module.RDS[\"rdsprodgenaia\"]",
      "mode": "managed",
      "type": "aws_db_instance",
      "name": "this",
      "provider": "provider[\"registry.terraform.io/hashicorp/aws\"]",
      "instances": [
        {
          "schema_version": 2,
          "attributes": {
            "address": "rdsprodgenaia.cdw9vleu1nkk.eu-south-2.rds.amazonaws.com",
            "allocated_storage": 40,
            "allow_major_version_upgrade": null,
            "apply_immediately": false,
            "arn": "arn:aws:rds:eu-south-2:105054799343:db:rdsprodgenaia",
            "auto_minor_version_upgrade": true,
            "availability_zone": "eu-south-2b",
            "backup_retention_period": 7,
            "backup_target": "region",
            "backup_window": "01:00-02:00",
            "blue_green_update": [],
            "ca_cert_identifier": "rds-ca-rsa2048-g1",
            "character_set_name": "",
            "copy_tags_to_snapshot": false,
            "custom_iam_instance_profile": "",
            "customer_owned_ip_enabled": false,
            "db_name": "wordpress",
            "db_subnet_group_name": "db_subnet_prod_pvt",
            "delete_automated_backups": true,
            "deletion_protection": false,
            "domain": "",
            "domain_iam_role_name": "",
            "enabled_cloudwatch_logs_exports": [],
            "endpoint": "rdsprodgenaia.cdw9vleu1nkk.eu-south-2.rds.amazonaws.com:3306",
            "engine": "mariadb",
            "engine_version": "10.11.6",
            "engine_version_actual": "10.11.6",
            "final_snapshot_identifier": null,
            "hosted_zone_id": "Z054868215YW72CPTMV5S",
            "iam_database_authentication_enabled": false,
            "id": "db-MPZN7WRVPWUG5GRW3JCNVKL6QU",
            "identifier": "rdsprodgenaia",
            "identifier_prefix": "",
            "instance_class": "db.t3.medium",
            "iops": 0,
            "kms_key_id": "",
            "latest_restorable_time": "2024-02-27T13:20:00Z",
            "license_model": "general-public-license",
            "listener_endpoint": [],
            "maintenance_window": "thu:08:36-thu:09:06",
            "manage_master_user_password": null,
            "master_user_secret": [],
            "master_user_secret_kms_key_id": null,
            "max_allocated_storage": 0,
            "monitoring_interval": 0,
            "monitoring_role_arn": "",
            "multi_az": false,
            "nchar_character_set_name": "",
            "network_type": "IPV4",
            "option_group_name": "default:mariadb-10-11",
            "parameter_group_name": "default.mariadb10.11",
            "password": "QGj!xjy9r#u7uDiw",
            "performance_insights_enabled": false,
            "performance_insights_kms_key_id": "",
            "performance_insights_retention_period": 0,
            "port": 3306,
            "publicly_accessible": false,
            "replica_mode": "",
            "replicas": [],
            "replicate_source_db": "",
            "resource_id": "db-MPZN7WRVPWUG5GRW3JCNVKL6QU",
            "restore_to_point_in_time": [],
            "s3_import": [],
            "skip_final_snapshot": true,
            "snapshot_identifier": null,
            "status": "available",
            "storage_encrypted": false,
            "storage_throughput": 0,
            "storage_type": "gp2",
            "tags": {
              "Name": "rdsprodgenaia"
            },
            "tags_all": {
              "Name": "rdsprodgenaia"
            },
            "timeouts": null,
            "timezone": "",
            "username": "admin",
            "vpc_security_group_ids": [
              "sg-0085451284c83a1a3"
            ]
          },
          "sensitive_attributes": [],
          "private": "eyJlMmJmYjczMC1lY2FhLTExZTYtOGY4OC0zNDM2M2JjN2M0YzAiOnsiY3JlYXRlIjoyNDAwMDAwMDAwMDAwLCJkZWxldGUiOjM2MDAwMDAwMDAwMDAsInVwZGF0ZSI6NDgwMDAwMDAwMDAwMH0sInNjaGVtYV92ZXJzaW9uIjoiMiJ9",
          "dependencies": [
            "module.Private_Subnets.aws_subnet.this",
            "module.RDS-subnet_group.aws_db_subnet_group.this",
            "module.SG-EKS.aws_security_group.this",
            "module.VPC.aws_vpc.this"
          ]
        }
      ]
    },
    {
      "module": "module.Route_Table[\"rtbl-prod-pub-subnets\"]",
      "mode": "managed",
      "type": "aws_route_table",
      "name": "this",
      "provider": "provider[\"registry.terraform.io/hashicorp/aws\"]",
      "instances": [
        {
          "schema_version": 0,
          "attributes": {
            "arn": "arn:aws:ec2:eu-south-2:105054799343:route-table/rtb-0ca374b65a3f0b0c7",
            "id": "rtb-0ca374b65a3f0b0c7",
            "owner_id": "105054799343",
            "propagating_vgws": [
              "vgw-0efb3a56c06e27898"
            ],
            "route": [
              {
                "carrier_gateway_id": "",
                "cidr_block": "0.0.0.0/0",
                "core_network_arn": "",
                "destination_prefix_list_id": "",
                "egress_only_gateway_id": "",
                "gateway_id": "igw-05163b3d0e80ffab2",
                "ipv6_cidr_block": "",
                "local_gateway_id": "",
                "nat_gateway_id": "",
                "network_interface_id": "",
                "transit_gateway_id": "",
                "vpc_endpoint_id": "",
                "vpc_peering_connection_id": ""
              }
            ],
            "tags": {
              "Name": "rtbl-prod-pub-subnets"
            },
            "tags_all": {
              "Name": "rtbl-prod-pub-subnets"
            },
            "timeouts": null,
            "vpc_id": "vpc-095ac05dd893b0748"
          },
          "sensitive_attributes": [],
          "private": "eyJlMmJmYjczMC1lY2FhLTExZTYtOGY4OC0zNDM2M2JjN2M0YzAiOnsiY3JlYXRlIjozMDAwMDAwMDAwMDAsImRlbGV0ZSI6MzAwMDAwMDAwMDAwLCJ1cGRhdGUiOjEyMDAwMDAwMDAwMH19",
          "dependencies": [
            "module.VPC.aws_vpc.this"
          ]
        }
      ]
    },
    {
      "module": "module.Route_Table[\"rtbl-prod-pvt-subnets\"]",
      "mode": "managed",
      "type": "aws_route_table",
      "name": "this",
      "provider": "provider[\"registry.terraform.io/hashicorp/aws\"]",
      "instances": [
        {
          "schema_version": 0,
          "attributes": {
            "arn": "arn:aws:ec2:eu-south-2:105054799343:route-table/rtb-0da8c6b68952eaf0e",
            "id": "rtb-0da8c6b68952eaf0e",
            "owner_id": "105054799343",
            "propagating_vgws": [
              "vgw-0efb3a56c06e27898"
            ],
            "route": [
              {
                "carrier_gateway_id": "",
                "cidr_block": "0.0.0.0/0",
                "core_network_arn": "",
                "destination_prefix_list_id": "",
                "egress_only_gateway_id": "",
                "gateway_id": "",
                "ipv6_cidr_block": "",
                "local_gateway_id": "",
                "nat_gateway_id": "nat-06bcffcc9fc55a875",
                "network_interface_id": "",
                "transit_gateway_id": "",
                "vpc_endpoint_id": "",
                "vpc_peering_connection_id": ""
              }
            ],
            "tags": {
              "Name": "rtbl-prod-pvt-subnets"
            },
            "tags_all": {
              "Name": "rtbl-prod-pvt-subnets"
            },
            "timeouts": null,
            "vpc_id": "vpc-095ac05dd893b0748"
          },
          "sensitive_attributes": [],
          "private": "eyJlMmJmYjczMC1lY2FhLTExZTYtOGY4OC0zNDM2M2JjN2M0YzAiOnsiY3JlYXRlIjozMDAwMDAwMDAwMDAsImRlbGV0ZSI6MzAwMDAwMDAwMDAwLCJ1cGRhdGUiOjEyMDAwMDAwMDAwMH19",
          "dependencies": [
            "module.VPC.aws_vpc.this"
          ]
        }
      ]
    },
    {
      "module": "module.SG-EKS[\"sg_eks_prod_genia\"]",
      "mode": "managed",
      "type": "aws_security_group",
      "name": "this",
      "provider": "provider[\"registry.terraform.io/hashicorp/aws\"]",
      "instances": [
        {
          "schema_version": 1,
          "attributes": {
            "arn": "arn:aws:ec2:eu-south-2:105054799343:security-group/sg-029c344128b0d68a2",
            "description": "Managed by Terraform",
            "egress": [
              {
                "cidr_blocks": [
                  "0.0.0.0/0"
                ],
                "description": "",
                "from_port": 0,
                "ipv6_cidr_blocks": [],
                "prefix_list_ids": [],
                "protocol": "-1",
                "security_groups": [],
                "self": false,
                "to_port": 0
              }
            ],
            "id": "sg-029c344128b0d68a2",
            "ingress": [
              {
                "cidr_blocks": [
                  "0.0.0.0/0"
                ],
                "description": "Security group Cluster EKS",
                "from_port": 443,
                "ipv6_cidr_blocks": [],
                "prefix_list_ids": [],
                "protocol": "tcp",
                "security_groups": [],
                "self": false,
                "to_port": 443
              }
            ],
            "name": "terraform-20240219225236482600000002",
            "name_prefix": "terraform-",
            "owner_id": "105054799343",
            "revoke_rules_on_delete": false,
            "tags": {
              "Name": "sg_eks_prod_genia"
            },
            "tags_all": {
              "Name": "sg_eks_prod_genia"
            },
            "timeouts": null,
            "vpc_id": "vpc-095ac05dd893b0748"
          },
          "sensitive_attributes": [],
          "private": "eyJlMmJmYjczMC1lY2FhLTExZTYtOGY4OC0zNDM2M2JjN2M0YzAiOnsiY3JlYXRlIjo2MDAwMDAwMDAwMDAsImRlbGV0ZSI6OTAwMDAwMDAwMDAwfSwic2NoZW1hX3ZlcnNpb24iOiIxIn0=",
          "dependencies": [
            "module.VPC.aws_vpc.this"
          ]
        }
      ]
    },
    {
      "module": "module.SG-EKS[\"sg_nlb_prod_genia\"]",
      "mode": "managed",
      "type": "aws_security_group",
      "name": "this",
      "provider": "provider[\"registry.terraform.io/hashicorp/aws\"]",
      "instances": [
        {
          "schema_version": 1,
          "attributes": {
            "arn": "arn:aws:ec2:eu-south-2:105054799343:security-group/sg-0d3d861e063eec242",
            "description": "Managed by Terraform",
            "egress": [
              {
                "cidr_blocks": [
                  "0.0.0.0/0"
                ],
                "description": "",
                "from_port": 0,
                "ipv6_cidr_blocks": [],
                "prefix_list_ids": [],
                "protocol": "-1",
                "security_groups": [],
                "self": false,
                "to_port": 0
              }
            ],
            "id": "sg-0d3d861e063eec242",
            "ingress": [
              {
                "cidr_blocks": [
                  "10.110.0.0/24",
                  "10.120.224.0/22"
                ],
                "description": "Security group SFTP EKS",
                "from_port": 22,
                "ipv6_cidr_blocks": [],
                "prefix_list_ids": [],
                "protocol": "tcp",
                "security_groups": [],
                "self": false,
                "to_port": 22
              }
            ],
            "name": "terraform-20240227044006820800000001",
            "name_prefix": "terraform-",
            "owner_id": "105054799343",
            "revoke_rules_on_delete": false,
            "tags": {
              "Name": "sg_nlb_prod_genia"
            },
            "tags_all": {
              "Name": "sg_nlb_prod_genia"
            },
            "timeouts": null,
            "vpc_id": "vpc-095ac05dd893b0748"
          },
          "sensitive_attributes": [],
          "private": "eyJlMmJmYjczMC1lY2FhLTExZTYtOGY4OC0zNDM2M2JjN2M0YzAiOnsiY3JlYXRlIjo2MDAwMDAwMDAwMDAsImRlbGV0ZSI6OTAwMDAwMDAwMDAwfSwic2NoZW1hX3ZlcnNpb24iOiIxIn0=",
          "dependencies": [
            "module.VPC.aws_vpc.this"
          ]
        }
      ]
    },
    {
      "module": "module.SG-EKS[\"sg_rds_prod_genia\"]",
      "mode": "managed",
      "type": "aws_security_group",
      "name": "this",
      "provider": "provider[\"registry.terraform.io/hashicorp/aws\"]",
      "instances": [
        {
          "schema_version": 1,
          "attributes": {
            "arn": "arn:aws:ec2:eu-south-2:105054799343:security-group/sg-0085451284c83a1a3",
            "description": "Managed by Terraform",
            "egress": [
              {
                "cidr_blocks": [
                  "0.0.0.0/0"
                ],
                "description": "",
                "from_port": 0,
                "ipv6_cidr_blocks": [],
                "prefix_list_ids": [],
                "protocol": "-1",
                "security_groups": [],
                "self": false,
                "to_port": 0
              }
            ],
            "id": "sg-0085451284c83a1a3",
            "ingress": [
              {
                "cidr_blocks": [
                  "10.120.224.0/22",
                  "10.110.0.0/24"
                ],
                "description": "Security group Cluster EKS",
                "from_port": 3306,
                "ipv6_cidr_blocks": [],
                "prefix_list_ids": [],
                "protocol": "tcp",
                "security_groups": [],
                "self": false,
                "to_port": 3306
              }
            ],
            "name": "terraform-20240219225236481800000001",
            "name_prefix": "terraform-",
            "owner_id": "105054799343",
            "revoke_rules_on_delete": false,
            "tags": {
              "Name": "sg_rds_prod_genia"
            },
            "tags_all": {
              "Name": "sg_rds_prod_genia"
            },
            "timeouts": null,
            "vpc_id": "vpc-095ac05dd893b0748"
          },
          "sensitive_attributes": [],
          "private": "eyJlMmJmYjczMC1lY2FhLTExZTYtOGY4OC0zNDM2M2JjN2M0YzAiOnsiY3JlYXRlIjo2MDAwMDAwMDAwMDAsImRlbGV0ZSI6OTAwMDAwMDAwMDAwfSwic2NoZW1hX3ZlcnNpb24iOiIxIn0=",
          "dependencies": [
            "module.VPC.aws_vpc.this"
          ]
        }
      ]
    },
    {
      "module": "module.VPC[\"vpc-prod\"]",
      "mode": "managed",
      "type": "aws_vpc",
      "name": "this",
      "provider": "provider[\"registry.terraform.io/hashicorp/aws\"]",
      "instances": [
        {
          "schema_version": 1,
          "attributes": {
            "arn": "arn:aws:ec2:eu-south-2:105054799343:vpc/vpc-095ac05dd893b0748",
            "assign_generated_ipv6_cidr_block": false,
            "cidr_block": "10.120.224.0/22",
            "default_network_acl_id": "acl-077e1ed0fe7ab5c4a",
            "default_route_table_id": "rtb-0a5c4aeb10765ada2",
            "default_security_group_id": "sg-05d231f4fb916577f",
            "dhcp_options_id": "dopt-0d2b39a1cecedc9d0",
            "enable_dns_hostnames": true,
            "enable_dns_support": true,
            "enable_network_address_usage_metrics": false,
            "id": "vpc-095ac05dd893b0748",
            "instance_tenancy": "default",
            "ipv4_ipam_pool_id": null,
            "ipv4_netmask_length": null,
            "ipv6_association_id": "",
            "ipv6_cidr_block": "",
            "ipv6_cidr_block_network_border_group": "",
            "ipv6_ipam_pool_id": "",
            "ipv6_netmask_length": 0,
            "main_route_table_id": "rtb-0a5c4aeb10765ada2",
            "owner_id": "105054799343",
            "tags": {
              "Name": "vpc-prod"
            },
            "tags_all": {
              "Name": "vpc-prod"
            }
          },
          "sensitive_attributes": [],
          "private": "eyJzY2hlbWFfdmVyc2lvbiI6IjEifQ=="
        }
      ]
    },
    {
      "module": "module.private_routes[\"rtbl-prod-pvt-subnets\"]",
      "mode": "managed",
      "type": "aws_route",
      "name": "this",
      "provider": "provider[\"registry.terraform.io/hashicorp/aws\"]",
      "instances": [
        {
          "schema_version": 0,
          "attributes": {
            "carrier_gateway_id": "",
            "core_network_arn": "",
            "destination_cidr_block": "0.0.0.0/0",
            "destination_ipv6_cidr_block": "",
            "destination_prefix_list_id": "",
            "egress_only_gateway_id": "",
            "gateway_id": "",
            "id": "r-rtb-0da8c6b68952eaf0e1080289494",
            "instance_id": "",
            "instance_owner_id": "",
            "local_gateway_id": "",
            "nat_gateway_id": "nat-06bcffcc9fc55a875",
            "network_interface_id": "",
            "origin": "CreateRoute",
            "route_table_id": "rtb-0da8c6b68952eaf0e",
            "state": "active",
            "timeouts": null,
            "transit_gateway_id": "",
            "vpc_endpoint_id": "",
            "vpc_peering_connection_id": ""
          },
          "sensitive_attributes": [],
          "private": "eyJlMmJmYjczMC1lY2FhLTExZTYtOGY4OC0zNDM2M2JjN2M0YzAiOnsiY3JlYXRlIjozMDAwMDAwMDAwMDAsImRlbGV0ZSI6MzAwMDAwMDAwMDAwLCJ1cGRhdGUiOjEyMDAwMDAwMDAwMH19",
          "dependencies": [
            "module.Elastic_IP.aws_eip.this",
            "module.NAT_Gateway.aws_nat_gateway.this",
            "module.Public_Subnets.aws_subnet.this",
            "module.Route_Table.aws_route_table.this",
            "module.VPC.aws_vpc.this"
          ]
        }
      ]
    },
    {
      "module": "module.public_routes[\"rtbl-prod-pub-subnets\"]",
      "mode": "managed",
      "type": "aws_route",
      "name": "this",
      "provider": "provider[\"registry.terraform.io/hashicorp/aws\"]",
      "instances": [
        {
          "schema_version": 0,
          "attributes": {
            "carrier_gateway_id": "",
            "core_network_arn": "",
            "destination_cidr_block": "0.0.0.0/0",
            "destination_ipv6_cidr_block": "",
            "destination_prefix_list_id": "",
            "egress_only_gateway_id": "",
            "gateway_id": "igw-05163b3d0e80ffab2",
            "id": "r-rtb-0ca374b65a3f0b0c71080289494",
            "instance_id": "",
            "instance_owner_id": "",
            "local_gateway_id": "",
            "nat_gateway_id": "",
            "network_interface_id": "",
            "origin": "CreateRoute",
            "route_table_id": "rtb-0ca374b65a3f0b0c7",
            "state": "active",
            "timeouts": null,
            "transit_gateway_id": "",
            "vpc_endpoint_id": "",
            "vpc_peering_connection_id": ""
          },
          "sensitive_attributes": [],
          "private": "eyJlMmJmYjczMC1lY2FhLTExZTYtOGY4OC0zNDM2M2JjN2M0YzAiOnsiY3JlYXRlIjozMDAwMDAwMDAwMDAsImRlbGV0ZSI6MzAwMDAwMDAwMDAwLCJ1cGRhdGUiOjEyMDAwMDAwMDAwMH19",
          "dependencies": [
            "module.Internet_Gateway.aws_internet_gateway.this",
            "module.Route_Table.aws_route_table.this",
            "module.VPC.aws_vpc.this"
          ]
        }
      ]
    },
    {
      "module": "module.route_table_association_private[\"association_1\"]",
      "mode": "managed",
      "type": "aws_route_table_association",
      "name": "this",
      "provider": "provider[\"registry.terraform.io/hashicorp/aws\"]",
      "instances": [
        {
          "schema_version": 0,
          "attributes": {
            "gateway_id": "",
            "id": "rtbassoc-0dfa77b80dd3faef6",
            "route_table_id": "rtb-0da8c6b68952eaf0e",
            "subnet_id": "subnet-0986a1247b90bf944",
            "timeouts": null
          },
          "sensitive_attributes": [],
          "private": "eyJlMmJmYjczMC1lY2FhLTExZTYtOGY4OC0zNDM2M2JjN2M0YzAiOnsiY3JlYXRlIjozMDAwMDAwMDAwMDAsImRlbGV0ZSI6MzAwMDAwMDAwMDAwLCJ1cGRhdGUiOjEyMDAwMDAwMDAwMH19",
          "dependencies": [
            "module.Private_Subnets.aws_subnet.this",
            "module.Route_Table.aws_route_table.this",
            "module.VPC.aws_vpc.this"
          ]
        }
      ]
    },
    {
      "module": "module.route_table_association_private[\"association_2\"]",
      "mode": "managed",
      "type": "aws_route_table_association",
      "name": "this",
      "provider": "provider[\"registry.terraform.io/hashicorp/aws\"]",
      "instances": [
        {
          "schema_version": 0,
          "attributes": {
            "gateway_id": "",
            "id": "rtbassoc-0f39ee79272bce682",
            "route_table_id": "rtb-0da8c6b68952eaf0e",
            "subnet_id": "subnet-0054a76be741b7ec6",
            "timeouts": null
          },
          "sensitive_attributes": [],
          "private": "eyJlMmJmYjczMC1lY2FhLTExZTYtOGY4OC0zNDM2M2JjN2M0YzAiOnsiY3JlYXRlIjozMDAwMDAwMDAwMDAsImRlbGV0ZSI6MzAwMDAwMDAwMDAwLCJ1cGRhdGUiOjEyMDAwMDAwMDAwMH19",
          "dependencies": [
            "module.Private_Subnets.aws_subnet.this",
            "module.Route_Table.aws_route_table.this",
            "module.VPC.aws_vpc.this"
          ]
        }
      ]
    },
    {
      "module": "module.route_table_association_private[\"association_3\"]",
      "mode": "managed",
      "type": "aws_route_table_association",
      "name": "this",
      "provider": "provider[\"registry.terraform.io/hashicorp/aws\"]",
      "instances": [
        {
          "schema_version": 0,
          "attributes": {
            "gateway_id": "",
            "id": "rtbassoc-0db589d2e9e154bf7",
            "route_table_id": "rtb-0da8c6b68952eaf0e",
            "subnet_id": "subnet-0e7496470c100cb71",
            "timeouts": null
          },
          "sensitive_attributes": [],
          "private": "eyJlMmJmYjczMC1lY2FhLTExZTYtOGY4OC0zNDM2M2JjN2M0YzAiOnsiY3JlYXRlIjozMDAwMDAwMDAwMDAsImRlbGV0ZSI6MzAwMDAwMDAwMDAwLCJ1cGRhdGUiOjEyMDAwMDAwMDAwMH19",
          "dependencies": [
            "module.Private_Subnets.aws_subnet.this",
            "module.Route_Table.aws_route_table.this",
            "module.VPC.aws_vpc.this"
          ]
        }
      ]
    },
    {
      "module": "module.route_table_association_public[\"association_1\"]",
      "mode": "managed",
      "type": "aws_route_table_association",
      "name": "this",
      "provider": "provider[\"registry.terraform.io/hashicorp/aws\"]",
      "instances": [
        {
          "schema_version": 0,
          "attributes": {
            "gateway_id": "",
            "id": "rtbassoc-0c5e85088cf87cacf",
            "route_table_id": "rtb-0ca374b65a3f0b0c7",
            "subnet_id": "subnet-0d7a5541ae2069e11",
            "timeouts": null
          },
          "sensitive_attributes": [],
          "private": "eyJlMmJmYjczMC1lY2FhLTExZTYtOGY4OC0zNDM2M2JjN2M0YzAiOnsiY3JlYXRlIjozMDAwMDAwMDAwMDAsImRlbGV0ZSI6MzAwMDAwMDAwMDAwLCJ1cGRhdGUiOjEyMDAwMDAwMDAwMH19",
          "dependencies": [
            "module.Public_Subnets.aws_subnet.this",
            "module.Route_Table.aws_route_table.this",
            "module.VPC.aws_vpc.this"
          ]
        }
      ]
    }
  ],
  "check_results": null
}
