{
  "version": 4,
  "terraform_version": "1.9.6",
  "serial": 455,
  "lineage": "eb40c0a3-b86b-485e-dc0d-573e61710ec1",
  "outputs": {},
  "resources": [
    {
      "module": "module.EKS_Addon[\"addon_1\"]",
      "mode": "managed",
      "type": "aws_eks_addon",
      "name": "this",
      "provider": "provider[\"registry.terraform.io/hashicorp/aws\"]",
      "instances": [
        {
          "schema_version": 0,
          "attributes": {
            "addon_name": "vpc-cni",
            "addon_version": "v1.18.1-eksbuild.3",
            "arn": "arn:aws:eks:us-east-1:644263771432:addon/eks-preprod-ssanchez/vpc-cni/42c919e0-d038-5841-006c-78f3a2f1ab66",
            "cluster_name": "eks-preprod-ssanchez",
            "configuration_values": "",
            "created_at": "2024-09-27T13:53:00Z",
            "id": "eks-preprod-ssanchez:vpc-cni",
            "modified_at": "2024-09-27T13:53:09Z",
            "preserve": null,
            "resolve_conflicts": null,
            "resolve_conflicts_on_create": null,
            "resolve_conflicts_on_update": null,
            "service_account_role_arn": "",
            "tags": null,
            "tags_all": {},
            "timeouts": null
          },
          "sensitive_attributes": [],
          "private": "eyJlMmJmYjczMC1lY2FhLTExZTYtOGY4OC0zNDM2M2JjN2M0YzAiOnsiY3JlYXRlIjoxMjAwMDAwMDAwMDAwLCJkZWxldGUiOjI0MDAwMDAwMDAwMDAsInVwZGF0ZSI6MTIwMDAwMDAwMDAwMH19",
          "dependencies": [
            "module.EKS_Cluster.aws_eks_cluster.this",
            "module.Private_Subnets.aws_subnet.this",
            "module.VPC.aws_vpc.this"
          ]
        }
      ]
    },
    {
      "module": "module.EKS_Addon[\"addon_3\"]",
      "mode": "managed",
      "type": "aws_eks_addon",
      "name": "this",
      "provider": "provider[\"registry.terraform.io/hashicorp/aws\"]",
      "instances": [
        {
          "schema_version": 0,
          "attributes": {
            "addon_name": "kube-proxy",
            "addon_version": "v1.30.0-eksbuild.3",
            "arn": "arn:aws:eks:us-east-1:644263771432:addon/eks-preprod-ssanchez/kube-proxy/e0c919e0-d031-99d1-eba4-1d88c8b299b5",
            "cluster_name": "eks-preprod-ssanchez",
            "configuration_values": "",
            "created_at": "2024-09-27T13:53:00Z",
            "id": "eks-preprod-ssanchez:kube-proxy",
            "modified_at": "2024-09-27T13:53:08Z",
            "preserve": null,
            "resolve_conflicts": null,
            "resolve_conflicts_on_create": null,
            "resolve_conflicts_on_update": null,
            "service_account_role_arn": "",
            "tags": null,
            "tags_all": {},
            "timeouts": null
          },
          "sensitive_attributes": [],
          "private": "eyJlMmJmYjczMC1lY2FhLTExZTYtOGY4OC0zNDM2M2JjN2M0YzAiOnsiY3JlYXRlIjoxMjAwMDAwMDAwMDAwLCJkZWxldGUiOjI0MDAwMDAwMDAwMDAsInVwZGF0ZSI6MTIwMDAwMDAwMDAwMH19",
          "dependencies": [
            "module.EKS_Cluster.aws_eks_cluster.this",
            "module.Private_Subnets.aws_subnet.this",
            "module.VPC.aws_vpc.this"
          ]
        }
      ]
    },
    {
      "module": "module.EKS_Addon[\"addon_4\"]",
      "mode": "managed",
      "type": "aws_eks_addon",
      "name": "this",
      "provider": "provider[\"registry.terraform.io/hashicorp/aws\"]",
      "instances": [
        {
          "schema_version": 0,
          "attributes": {
            "addon_name": "eks-pod-identity-agent",
            "addon_version": "v1.3.2-eksbuild.2",
            "arn": "arn:aws:eks:us-east-1:644263771432:addon/eks-preprod-ssanchez/eks-pod-identity-agent/46c919e0-d034-ed81-681e-72d1f8c33eba",
            "cluster_name": "eks-preprod-ssanchez",
            "configuration_values": "",
            "created_at": "2024-09-27T13:53:00Z",
            "id": "eks-preprod-ssanchez:eks-pod-identity-agent",
            "modified_at": "2024-09-27T13:53:06Z",
            "preserve": null,
            "resolve_conflicts": null,
            "resolve_conflicts_on_create": null,
            "resolve_conflicts_on_update": null,
            "service_account_role_arn": "",
            "tags": null,
            "tags_all": {},
            "timeouts": null
          },
          "sensitive_attributes": [],
          "private": "eyJlMmJmYjczMC1lY2FhLTExZTYtOGY4OC0zNDM2M2JjN2M0YzAiOnsiY3JlYXRlIjoxMjAwMDAwMDAwMDAwLCJkZWxldGUiOjI0MDAwMDAwMDAwMDAsInVwZGF0ZSI6MTIwMDAwMDAwMDAwMH19",
          "dependencies": [
            "module.EKS_Cluster.aws_eks_cluster.this",
            "module.Private_Subnets.aws_subnet.this",
            "module.VPC.aws_vpc.this"
          ]
        }
      ]
    },
    {
      "module": "module.EKS_Cluster[\"eks-preprod-ssanchez\"]",
      "mode": "managed",
      "type": "aws_eks_cluster",
      "name": "this",
      "provider": "provider[\"registry.terraform.io/hashicorp/aws\"]",
      "instances": [
        {
          "schema_version": 0,
          "attributes": {
            "access_config": [
              {
                "authentication_mode": "API_AND_CONFIG_MAP",
                "bootstrap_cluster_creator_admin_permissions": true
              }
            ],
            "arn": "arn:aws:eks:us-east-1:644263771432:cluster/eks-preprod-ssanchez",
            "certificate_authority": [
              {
                "data": "LS0tLS1CRUdJTiBDRVJUSUZJQ0FURS0tLS0tCk1JSURCVENDQWUyZ0F3SUJBZ0lJRCtIMVNsWURkSlV3RFFZSktvWklodmNOQVFFTEJRQXdGVEVUTUJFR0ExVUUKQXhNS2EzVmlaWEp1WlhSbGN6QWVGdzB5TkRBNU1qY3hNelEwTXpaYUZ3MHpOREE1TWpVeE16UTVNelphTUJVeApFekFSQmdOVkJBTVRDbXQxWW1WeWJtVjBaWE13Z2dFaU1BMEdDU3FHU0liM0RRRUJBUVVBQTRJQkR3QXdnZ0VLCkFvSUJBUUM5bzlmcUFXeGQzR2EzczVtSkZLZmN5akVWQjhpaWtGbW4vK01uSEU0VWJFVGhJKy9FYmNQV2pORHIKK3kyR0lNdGozUzZDNlFuemx6VDRxY25iNkFiNlg5cTlUR3hYN3FQUTc4b1M2ZEc1d2xNZFlJeWdCTXpDR28rcQpuRlJueVNoZE1WbVl3aXNUa1llcVdOMkNSakgxd0RIV3RXSWNMMzFleEQxdHVac1BmVnVXNzJNdkVlOElObFB6CmVUeW1NMzVxS0x0c1NGUHZGNmg1NXJMMFc1eWRad0E4YlV4T004YmFzejIwODI0elBMRWxtYkxEczY5VnNhNVgKV0t6V1hPYXVkUmIwRit0cFFFWllkNmUzTnNPV3hYSjhaU1JxSENCMGVwNWgvVVFtbmhvYllscitRTm1hMnJYZgpiTjV3dmdJb3ZTWHhrL2dqdzJzaUxNMkxuMXgvQWdNQkFBR2pXVEJYTUE0R0ExVWREd0VCL3dRRUF3SUNwREFQCkJnTlZIUk1CQWY4RUJUQURBUUgvTUIwR0ExVWREZ1FXQkJUUnNYb05aaWJWMFNXcFR0RVhZK2dINW5iUkxUQVYKQmdOVkhSRUVEakFNZ2dwcmRXSmxjbTVsZEdWek1BMEdDU3FHU0liM0RRRUJDd1VBQTRJQkFRQVdEOXJ0dThmcQovS1FJNlN1YmhoQlBqWThCOGZTb3JDNktmdC9zcmtFb1FZRU5SWmk4OGlHekpXWjFDNHQ0eFdMZ2s3QUNnQmNCClZydzdxUEpzcTE1ajV5WXBLc0lGeGJ2K040Z3NkYVlwekFjR1JlQzkvUTh6Nm0va2JhQ1c3czVhMm5CSjN1T2wKYmJLejcvczJwK1ZsT1dZU1BqRmF3UzVtei9md2ZORjBoMEVGRS9WZGNBUVgyRTJDK1VRUy93NkJqVHJSMWdTZAp4ZzdYMEJXdXdkUGVhZEhJNEVSMkdjRUJXdUNUMFU0djkxUFRDMDRpM3RTdncybUlXRGtiK1VmNldLSmNINXozCjJjeW1LT1Vyb2RxRVI3TTUxZlFyQ2tKYzV6b3Zmc0JlZzBlbjhPU3hySzVINHBJbld6a3NHSXVxbHArQmUyblIKRXRncm11b1VaNndaCi0tLS0tRU5EIENFUlRJRklDQVRFLS0tLS0K"
              }
            ],
            "cluster_id": null,
            "created_at": "2024-09-27 13:45:35.941 +0000 UTC",
            "enabled_cluster_log_types": null,
            "encryption_config": [],
            "endpoint": "https://CAAB54DDED6263E7519F94E11BAB7968.gr7.us-east-1.eks.amazonaws.com",
            "id": "eks-preprod-ssanchez",
            "identity": [
              {
                "oidc": [
                  {
                    "issuer": "https://oidc.eks.us-east-1.amazonaws.com/id/CAAB54DDED6263E7519F94E11BAB7968"
                  }
                ]
              }
            ],
            "kubernetes_network_config": [
              {
                "ip_family": "ipv4",
                "service_ipv4_cidr": "172.20.0.0/16",
                "service_ipv6_cidr": ""
              }
            ],
            "name": "eks-preprod-ssanchez",
            "outpost_config": [],
            "platform_version": "eks.8",
            "role_arn": "arn:aws:iam::644263771432:role/ssanchez-ClusterRoleEKS-Itera",
            "status": "ACTIVE",
            "tags": null,
            "tags_all": {},
            "timeouts": null,
            "version": "1.30",
            "vpc_config": [
              {
                "cluster_security_group_id": "sg-03c276b994ac31237",
                "endpoint_private_access": true,
                "endpoint_public_access": true,
                "public_access_cidrs": [
                  "0.0.0.0/0"
                ],
                "security_group_ids": null,
                "subnet_ids": [
                  "subnet-021f3e9db8dd8f858",
                  "subnet-0cf538bc8ad48e59e",
                  "subnet-0f5cdb829519dd70c"
                ],
                "vpc_id": "vpc-01da005dea62d2e84"
              }
            ]
          },
          "sensitive_attributes": [],
          "private": "eyJlMmJmYjczMC1lY2FhLTExZTYtOGY4OC0zNDM2M2JjN2M0YzAiOnsiY3JlYXRlIjoxODAwMDAwMDAwMDAwLCJkZWxldGUiOjkwMDAwMDAwMDAwMCwidXBkYXRlIjozNjAwMDAwMDAwMDAwfX0=",
          "dependencies": [
            "module.Private_Subnets.aws_subnet.this",
            "module.VPC.aws_vpc.this"
          ]
        }
      ]
    },
    {
      "module": "module.EKS_Node_Group[\"m7i_2xlarge\"]",
      "mode": "managed",
      "type": "aws_eks_node_group",
      "name": "this",
      "provider": "provider[\"registry.terraform.io/hashicorp/aws\"]",
      "instances": [
        {
          "schema_version": 0,
          "attributes": {
            "ami_type": "AL2_x86_64",
            "arn": "arn:aws:eks:us-east-1:644263771432:nodegroup/eks-preprod-ssanchez/m7i_2xlarge/e8c919e0-d037-3528-939a-aaa508c30579",
            "capacity_type": "ON_DEMAND",
            "cluster_name": "eks-preprod-ssanchez",
            "disk_size": 50,
            "force_update_version": null,
            "id": "eks-preprod-ssanchez:m7i_2xlarge",
            "instance_types": [
              "t2.medium"
            ],
            "labels": null,
            "launch_template": [],
            "node_group_name": "m7i_2xlarge",
            "node_group_name_prefix": "",
            "node_role_arn": "arn:aws:iam::644263771432:role/ssanchez-NodeRoleEKS-Iterav2",
            "release_version": "1.30.4-20240924",
            "remote_access": [],
            "resources": [
              {
                "autoscaling_groups": [
                  {
                    "name": "eks-m7i_2xlarge-e8c919e0-d037-3528-939a-aaa508c30579"
                  }
                ],
                "remote_access_security_group_id": ""
              }
            ],
            "scaling_config": [
              {
                "desired_size": 3,
                "max_size": 3,
                "min_size": 3
              }
            ],
            "status": "ACTIVE",
            "subnet_ids": [
              "subnet-021f3e9db8dd8f858",
              "subnet-0cf538bc8ad48e59e",
              "subnet-0f5cdb829519dd70c"
            ],
            "tags": null,
            "tags_all": {},
            "taint": [],
            "timeouts": null,
            "update_config": [
              {
                "max_unavailable": 3,
                "max_unavailable_percentage": 0
              }
            ],
            "version": "1.30"
          },
          "sensitive_attributes": [],
          "private": "eyJlMmJmYjczMC1lY2FhLTExZTYtOGY4OC0zNDM2M2JjN2M0YzAiOnsiY3JlYXRlIjozNjAwMDAwMDAwMDAwLCJkZWxldGUiOjM2MDAwMDAwMDAwMDAsInVwZGF0ZSI6MzYwMDAwMDAwMDAwMH19",
          "dependencies": [
            "module.EKS_Cluster.aws_eks_cluster.this",
            "module.Private_Subnets.aws_subnet.this",
            "module.VPC.aws_vpc.this"
          ]
        }
      ]
    },
    {
      "module": "module.Elastic_IP[\"eip-preprod-ssanchez-nat-prod-a\"]",
      "mode": "managed",
      "type": "aws_eip",
      "name": "this",
      "provider": "provider[\"registry.terraform.io/hashicorp/aws\"]",
      "instances": [
        {
          "schema_version": 0,
          "attributes": {
            "address": null,
            "allocation_id": "eipalloc-099a546a7874af083",
            "associate_with_private_ip": null,
            "association_id": "",
            "carrier_ip": "",
            "customer_owned_ip": "",
            "customer_owned_ipv4_pool": "",
            "domain": "vpc",
            "id": "eipalloc-099a546a7874af083",
            "instance": "",
            "network_border_group": "us-east-1",
            "network_interface": "",
            "private_dns": null,
            "private_ip": "",
            "public_dns": "ec2-54-146-65-194.compute-1.amazonaws.com",
            "public_ip": "54.146.65.194",
            "public_ipv4_pool": "amazon",
            "tags": {
              "Name": "eip-preprod-ssanchez-nat-prod-a"
            },
            "tags_all": {
              "Name": "eip-preprod-ssanchez-nat-prod-a"
            },
            "timeouts": null,
            "vpc": true
          },
          "sensitive_attributes": [],
          "private": "eyJlMmJmYjczMC1lY2FhLTExZTYtOGY4OC0zNDM2M2JjN2M0YzAiOnsiZGVsZXRlIjoxODAwMDAwMDAwMDAsInJlYWQiOjkwMDAwMDAwMDAwMCwidXBkYXRlIjozMDAwMDAwMDAwMDB9fQ=="
        }
      ]
    },
    {
      "module": "module.Internet_Gateway[\"igw-preprod-ssanchez\"]",
      "mode": "managed",
      "type": "aws_internet_gateway",
      "name": "this",
      "provider": "provider[\"registry.terraform.io/hashicorp/aws\"]",
      "instances": [
        {
          "schema_version": 0,
          "attributes": {
            "arn": "arn:aws:ec2:us-east-1:644263771432:internet-gateway/igw-0b4edc935c0ed6b94",
            "id": "igw-0b4edc935c0ed6b94",
            "owner_id": "644263771432",
            "tags": {
              "Name": "igw-preprod-ssanchez"
            },
            "tags_all": {
              "Name": "igw-preprod-ssanchez"
            },
            "timeouts": null,
            "vpc_id": "vpc-01da005dea62d2e84"
          },
          "sensitive_attributes": [],
          "private": "eyJlMmJmYjczMC1lY2FhLTExZTYtOGY4OC0zNDM2M2JjN2M0YzAiOnsiY3JlYXRlIjoxMjAwMDAwMDAwMDAwLCJkZWxldGUiOjEyMDAwMDAwMDAwMDAsInVwZGF0ZSI6MTIwMDAwMDAwMDAwMH19",
          "dependencies": [
            "module.VPC.aws_vpc.this"
          ]
        }
      ]
    },
    {
      "module": "module.NAT_Gateway[\"nat-preprod-ssanchez-pvt-a\"]",
      "mode": "managed",
      "type": "aws_nat_gateway",
      "name": "this",
      "provider": "provider[\"registry.terraform.io/hashicorp/aws\"]",
      "instances": [
        {
          "schema_version": 0,
          "attributes": {
            "allocation_id": "eipalloc-099a546a7874af083",
            "association_id": "eipassoc-0d2936e2cc09b8cac",
            "connectivity_type": "public",
            "id": "nat-04a59b05b0a7fb4e5",
            "network_interface_id": "eni-02942fb66d312f133",
            "private_ip": "10.120.223.28",
            "public_ip": "54.146.65.194",
            "secondary_allocation_ids": null,
            "secondary_private_ip_address_count": 0,
            "secondary_private_ip_addresses": [],
            "subnet_id": "subnet-08b9a1a810093f4c0",
            "tags": {
              "Name": "nat-preprod-ssanchez-pvt-a"
            },
            "tags_all": {
              "Name": "nat-preprod-ssanchez-pvt-a"
            },
            "timeouts": null
          },
          "sensitive_attributes": [],
          "private": "eyJlMmJmYjczMC1lY2FhLTExZTYtOGY4OC0zNDM2M2JjN2M0YzAiOnsiY3JlYXRlIjo2MDAwMDAwMDAwMDAsImRlbGV0ZSI6MTgwMDAwMDAwMDAwMCwidXBkYXRlIjo2MDAwMDAwMDAwMDB9fQ==",
          "dependencies": [
            "module.Elastic_IP.aws_eip.this",
            "module.Public_Subnets.aws_subnet.this",
            "module.VPC.aws_vpc.this"
          ]
        }
      ]
    },
    {
      "module": "module.Private_Subnets[\"subnet-preprod-ssanchez-pvt-a\"]",
      "mode": "managed",
      "type": "aws_subnet",
      "name": "this",
      "provider": "provider[\"registry.terraform.io/hashicorp/aws\"]",
      "instances": [
        {
          "schema_version": 1,
          "attributes": {
            "arn": "arn:aws:ec2:us-east-1:644263771432:subnet/subnet-0cf538bc8ad48e59e",
            "assign_ipv6_address_on_creation": false,
            "availability_zone": "us-east-1a",
            "availability_zone_id": "use1-az1",
            "cidr_block": "10.120.220.0/24",
            "customer_owned_ipv4_pool": "",
            "enable_dns64": false,
            "enable_lni_at_device_index": 0,
            "enable_resource_name_dns_a_record_on_launch": false,
            "enable_resource_name_dns_aaaa_record_on_launch": false,
            "id": "subnet-0cf538bc8ad48e59e",
            "ipv6_cidr_block": "",
            "ipv6_cidr_block_association_id": "",
            "ipv6_native": false,
            "map_customer_owned_ip_on_launch": false,
            "map_public_ip_on_launch": false,
            "outpost_arn": "",
            "owner_id": "644263771432",
            "private_dns_hostname_type_on_launch": "ip-name",
            "tags": {
              "Name": "subnet-preprod-ssanchez-pvt-a"
            },
            "tags_all": {
              "Name": "subnet-preprod-ssanchez-pvt-a"
            },
            "timeouts": null,
            "vpc_id": "vpc-01da005dea62d2e84"
          },
          "sensitive_attributes": [],
          "private": "eyJlMmJmYjczMC1lY2FhLTExZTYtOGY4OC0zNDM2M2JjN2M0YzAiOnsiY3JlYXRlIjo2MDAwMDAwMDAwMDAsImRlbGV0ZSI6MTIwMDAwMDAwMDAwMH0sInNjaGVtYV92ZXJzaW9uIjoiMSJ9",
          "dependencies": [
            "module.VPC.aws_vpc.this"
          ]
        }
      ]
    },
    {
      "module": "module.Private_Subnets[\"subnet-preprod-ssanchez-pvt-b\"]",
      "mode": "managed",
      "type": "aws_subnet",
      "name": "this",
      "provider": "provider[\"registry.terraform.io/hashicorp/aws\"]",
      "instances": [
        {
          "schema_version": 1,
          "attributes": {
            "arn": "arn:aws:ec2:us-east-1:644263771432:subnet/subnet-0f5cdb829519dd70c",
            "assign_ipv6_address_on_creation": false,
            "availability_zone": "us-east-1b",
            "availability_zone_id": "use1-az2",
            "cidr_block": "10.120.221.0/24",
            "customer_owned_ipv4_pool": "",
            "enable_dns64": false,
            "enable_lni_at_device_index": 0,
            "enable_resource_name_dns_a_record_on_launch": false,
            "enable_resource_name_dns_aaaa_record_on_launch": false,
            "id": "subnet-0f5cdb829519dd70c",
            "ipv6_cidr_block": "",
            "ipv6_cidr_block_association_id": "",
            "ipv6_native": false,
            "map_customer_owned_ip_on_launch": false,
            "map_public_ip_on_launch": false,
            "outpost_arn": "",
            "owner_id": "644263771432",
            "private_dns_hostname_type_on_launch": "ip-name",
            "tags": {
              "Name": "subnet-preprod-ssanchez-pvt-b"
            },
            "tags_all": {
              "Name": "subnet-preprod-ssanchez-pvt-b"
            },
            "timeouts": null,
            "vpc_id": "vpc-01da005dea62d2e84"
          },
          "sensitive_attributes": [],
          "private": "eyJlMmJmYjczMC1lY2FhLTExZTYtOGY4OC0zNDM2M2JjN2M0YzAiOnsiY3JlYXRlIjo2MDAwMDAwMDAwMDAsImRlbGV0ZSI6MTIwMDAwMDAwMDAwMH0sInNjaGVtYV92ZXJzaW9uIjoiMSJ9",
          "dependencies": [
            "module.VPC.aws_vpc.this"
          ]
        }
      ]
    },
    {
      "module": "module.Private_Subnets[\"subnet-preprod-ssanchez-pvt-c\"]",
      "mode": "managed",
      "type": "aws_subnet",
      "name": "this",
      "provider": "provider[\"registry.terraform.io/hashicorp/aws\"]",
      "instances": [
        {
          "schema_version": 1,
          "attributes": {
            "arn": "arn:aws:ec2:us-east-1:644263771432:subnet/subnet-021f3e9db8dd8f858",
            "assign_ipv6_address_on_creation": false,
            "availability_zone": "us-east-1c",
            "availability_zone_id": "use1-az4",
            "cidr_block": "10.120.222.0/24",
            "customer_owned_ipv4_pool": "",
            "enable_dns64": false,
            "enable_lni_at_device_index": 0,
            "enable_resource_name_dns_a_record_on_launch": false,
            "enable_resource_name_dns_aaaa_record_on_launch": false,
            "id": "subnet-021f3e9db8dd8f858",
            "ipv6_cidr_block": "",
            "ipv6_cidr_block_association_id": "",
            "ipv6_native": false,
            "map_customer_owned_ip_on_launch": false,
            "map_public_ip_on_launch": false,
            "outpost_arn": "",
            "owner_id": "644263771432",
            "private_dns_hostname_type_on_launch": "ip-name",
            "tags": {
              "Name": "subnet-preprod-ssanchez-pvt-c"
            },
            "tags_all": {
              "Name": "subnet-preprod-ssanchez-pvt-c"
            },
            "timeouts": null,
            "vpc_id": "vpc-01da005dea62d2e84"
          },
          "sensitive_attributes": [],
          "private": "eyJlMmJmYjczMC1lY2FhLTExZTYtOGY4OC0zNDM2M2JjN2M0YzAiOnsiY3JlYXRlIjo2MDAwMDAwMDAwMDAsImRlbGV0ZSI6MTIwMDAwMDAwMDAwMH0sInNjaGVtYV92ZXJzaW9uIjoiMSJ9",
          "dependencies": [
            "module.VPC.aws_vpc.this"
          ]
        }
      ]
    },
    {
      "module": "module.Public_Subnets[\"subnet-preprod-ssanchez-pub-a\"]",
      "mode": "managed",
      "type": "aws_subnet",
      "name": "this",
      "provider": "provider[\"registry.terraform.io/hashicorp/aws\"]",
      "instances": [
        {
          "schema_version": 1,
          "attributes": {
            "arn": "arn:aws:ec2:us-east-1:644263771432:subnet/subnet-08b9a1a810093f4c0",
            "assign_ipv6_address_on_creation": false,
            "availability_zone": "us-east-1a",
            "availability_zone_id": "use1-az1",
            "cidr_block": "10.120.223.0/26",
            "customer_owned_ipv4_pool": "",
            "enable_dns64": false,
            "enable_lni_at_device_index": 0,
            "enable_resource_name_dns_a_record_on_launch": false,
            "enable_resource_name_dns_aaaa_record_on_launch": false,
            "id": "subnet-08b9a1a810093f4c0",
            "ipv6_cidr_block": "",
            "ipv6_cidr_block_association_id": "",
            "ipv6_native": false,
            "map_customer_owned_ip_on_launch": false,
            "map_public_ip_on_launch": true,
            "outpost_arn": "",
            "owner_id": "644263771432",
            "private_dns_hostname_type_on_launch": "ip-name",
            "tags": {
              "Name": "subnet-preprod-ssanchez-pub-a"
            },
            "tags_all": {
              "Name": "subnet-preprod-ssanchez-pub-a"
            },
            "timeouts": null,
            "vpc_id": "vpc-01da005dea62d2e84"
          },
          "sensitive_attributes": [],
          "private": "eyJlMmJmYjczMC1lY2FhLTExZTYtOGY4OC0zNDM2M2JjN2M0YzAiOnsiY3JlYXRlIjo2MDAwMDAwMDAwMDAsImRlbGV0ZSI6MTIwMDAwMDAwMDAwMH0sInNjaGVtYV92ZXJzaW9uIjoiMSJ9",
          "dependencies": [
            "module.VPC.aws_vpc.this"
          ]
        }
      ]
    },
    {
      "module": "module.Public_Subnets[\"subnet-preprod-ssanchez-pub-b\"]",
      "mode": "managed",
      "type": "aws_subnet",
      "name": "this",
      "provider": "provider[\"registry.terraform.io/hashicorp/aws\"]",
      "instances": [
        {
          "schema_version": 1,
          "attributes": {
            "arn": "arn:aws:ec2:us-east-1:644263771432:subnet/subnet-0f0951a9b29b933b3",
            "assign_ipv6_address_on_creation": false,
            "availability_zone": "us-east-1b",
            "availability_zone_id": "use1-az2",
            "cidr_block": "10.120.223.64/26",
            "customer_owned_ipv4_pool": "",
            "enable_dns64": false,
            "enable_lni_at_device_index": 0,
            "enable_resource_name_dns_a_record_on_launch": false,
            "enable_resource_name_dns_aaaa_record_on_launch": false,
            "id": "subnet-0f0951a9b29b933b3",
            "ipv6_cidr_block": "",
            "ipv6_cidr_block_association_id": "",
            "ipv6_native": false,
            "map_customer_owned_ip_on_launch": false,
            "map_public_ip_on_launch": true,
            "outpost_arn": "",
            "owner_id": "644263771432",
            "private_dns_hostname_type_on_launch": "ip-name",
            "tags": {
              "Name": "subnet-preprod-ssanchez-pub-b"
            },
            "tags_all": {
              "Name": "subnet-preprod-ssanchez-pub-b"
            },
            "timeouts": null,
            "vpc_id": "vpc-01da005dea62d2e84"
          },
          "sensitive_attributes": [],
          "private": "eyJlMmJmYjczMC1lY2FhLTExZTYtOGY4OC0zNDM2M2JjN2M0YzAiOnsiY3JlYXRlIjo2MDAwMDAwMDAwMDAsImRlbGV0ZSI6MTIwMDAwMDAwMDAwMH0sInNjaGVtYV92ZXJzaW9uIjoiMSJ9",
          "dependencies": [
            "module.VPC.aws_vpc.this"
          ]
        }
      ]
    },
    {
      "module": "module.Public_Subnets[\"subnet-preprod-ssanchez-pub-c\"]",
      "mode": "managed",
      "type": "aws_subnet",
      "name": "this",
      "provider": "provider[\"registry.terraform.io/hashicorp/aws\"]",
      "instances": [
        {
          "schema_version": 1,
          "attributes": {
            "arn": "arn:aws:ec2:us-east-1:644263771432:subnet/subnet-0d95f270218a69fba",
            "assign_ipv6_address_on_creation": false,
            "availability_zone": "us-east-1c",
            "availability_zone_id": "use1-az4",
            "cidr_block": "10.120.223.128/26",
            "customer_owned_ipv4_pool": "",
            "enable_dns64": false,
            "enable_lni_at_device_index": 0,
            "enable_resource_name_dns_a_record_on_launch": false,
            "enable_resource_name_dns_aaaa_record_on_launch": false,
            "id": "subnet-0d95f270218a69fba",
            "ipv6_cidr_block": "",
            "ipv6_cidr_block_association_id": "",
            "ipv6_native": false,
            "map_customer_owned_ip_on_launch": false,
            "map_public_ip_on_launch": true,
            "outpost_arn": "",
            "owner_id": "644263771432",
            "private_dns_hostname_type_on_launch": "ip-name",
            "tags": {
              "Name": "subnet-preprod-ssanchez-pub-c"
            },
            "tags_all": {
              "Name": "subnet-preprod-ssanchez-pub-c"
            },
            "timeouts": null,
            "vpc_id": "vpc-01da005dea62d2e84"
          },
          "sensitive_attributes": [],
          "private": "eyJlMmJmYjczMC1lY2FhLTExZTYtOGY4OC0zNDM2M2JjN2M0YzAiOnsiY3JlYXRlIjo2MDAwMDAwMDAwMDAsImRlbGV0ZSI6MTIwMDAwMDAwMDAwMH0sInNjaGVtYV92ZXJzaW9uIjoiMSJ9",
          "dependencies": [
            "module.VPC.aws_vpc.this"
          ]
        }
      ]
    },
    {
      "module": "module.Route_Table[\"rtbl-preprod-ssanchez-pub-subnets\"]",
      "mode": "managed",
      "type": "aws_route_table",
      "name": "this",
      "provider": "provider[\"registry.terraform.io/hashicorp/aws\"]",
      "instances": [
        {
          "schema_version": 0,
          "attributes": {
            "arn": "arn:aws:ec2:us-east-1:644263771432:route-table/rtb-0293321b8ad42af27",
            "id": "rtb-0293321b8ad42af27",
            "owner_id": "644263771432",
            "propagating_vgws": [],
            "route": [],
            "tags": {
              "Name": "rtbl-preprod-ssanchez-pub-subnets"
            },
            "tags_all": {
              "Name": "rtbl-preprod-ssanchez-pub-subnets"
            },
            "timeouts": null,
            "vpc_id": "vpc-01da005dea62d2e84"
          },
          "sensitive_attributes": [],
          "private": "eyJlMmJmYjczMC1lY2FhLTExZTYtOGY4OC0zNDM2M2JjN2M0YzAiOnsiY3JlYXRlIjozMDAwMDAwMDAwMDAsImRlbGV0ZSI6MzAwMDAwMDAwMDAwLCJ1cGRhdGUiOjEyMDAwMDAwMDAwMH19",
          "dependencies": [
            "module.VPC.aws_vpc.this"
          ]
        }
      ]
    },
    {
      "module": "module.Route_Table[\"rtbl-preprod-ssanchez-pvt-subnets\"]",
      "mode": "managed",
      "type": "aws_route_table",
      "name": "this",
      "provider": "provider[\"registry.terraform.io/hashicorp/aws\"]",
      "instances": [
        {
          "schema_version": 0,
          "attributes": {
            "arn": "arn:aws:ec2:us-east-1:644263771432:route-table/rtb-099000439876ac69d",
            "id": "rtb-099000439876ac69d",
            "owner_id": "644263771432",
            "propagating_vgws": [],
            "route": [],
            "tags": {
              "Name": "rtbl-preprod-ssanchez-pvt-subnets"
            },
            "tags_all": {
              "Name": "rtbl-preprod-ssanchez-pvt-subnets"
            },
            "timeouts": null,
            "vpc_id": "vpc-01da005dea62d2e84"
          },
          "sensitive_attributes": [],
          "private": "eyJlMmJmYjczMC1lY2FhLTExZTYtOGY4OC0zNDM2M2JjN2M0YzAiOnsiY3JlYXRlIjozMDAwMDAwMDAwMDAsImRlbGV0ZSI6MzAwMDAwMDAwMDAwLCJ1cGRhdGUiOjEyMDAwMDAwMDAwMH19",
          "dependencies": [
            "module.VPC.aws_vpc.this"
          ]
        }
      ]
    },
    {
      "module": "module.SG-EKS[\"sg_eks_preprod-ssanchez_genia\"]",
      "mode": "managed",
      "type": "aws_security_group",
      "name": "this",
      "provider": "provider[\"registry.terraform.io/hashicorp/aws\"]",
      "instances": [
        {
          "schema_version": 1,
          "attributes": {
            "arn": "arn:aws:ec2:us-east-1:644263771432:security-group/sg-0143e22f53c9ab68a",
            "description": "Managed by Terraform",
            "egress": [
              {
                "cidr_blocks": [
                  "0.0.0.0/0"
                ],
                "description": "",
                "from_port": 0,
                "ipv6_cidr_blocks": [],
                "prefix_list_ids": [],
                "protocol": "-1",
                "security_groups": [],
                "self": false,
                "to_port": 0
              }
            ],
            "id": "sg-0143e22f53c9ab68a",
            "ingress": [
              {
                "cidr_blocks": [
                  "0.0.0.0/0"
                ],
                "description": "Security group Cluster EKS",
                "from_port": 443,
                "ipv6_cidr_blocks": [],
                "prefix_list_ids": [],
                "protocol": "tcp",
                "security_groups": [],
                "self": false,
                "to_port": 443
              }
            ],
            "name": "terraform-20240927134533480700000001",
            "name_prefix": "terraform-",
            "owner_id": "644263771432",
            "revoke_rules_on_delete": false,
            "tags": {
              "Name": "sg_eks_preprod-ssanchez_genia"
            },
            "tags_all": {
              "Name": "sg_eks_preprod-ssanchez_genia"
            },
            "timeouts": null,
            "vpc_id": "vpc-01da005dea62d2e84"
          },
          "sensitive_attributes": [],
          "private": "eyJlMmJmYjczMC1lY2FhLTExZTYtOGY4OC0zNDM2M2JjN2M0YzAiOnsiY3JlYXRlIjo2MDAwMDAwMDAwMDAsImRlbGV0ZSI6OTAwMDAwMDAwMDAwfSwic2NoZW1hX3ZlcnNpb24iOiIxIn0=",
          "dependencies": [
            "module.VPC.aws_vpc.this"
          ]
        }
      ]
    },
    {
      "module": "module.SG-EKS[\"sg_rds_preprod-ssanchez_genia\"]",
      "mode": "managed",
      "type": "aws_security_group",
      "name": "this",
      "provider": "provider[\"registry.terraform.io/hashicorp/aws\"]",
      "instances": [
        {
          "schema_version": 1,
          "attributes": {
            "arn": "arn:aws:ec2:us-east-1:644263771432:security-group/sg-094ee536b560ff36e",
            "description": "Managed by Terraform",
            "egress": [
              {
                "cidr_blocks": [
                  "0.0.0.0/0"
                ],
                "description": "",
                "from_port": 0,
                "ipv6_cidr_blocks": [],
                "prefix_list_ids": [],
                "protocol": "-1",
                "security_groups": [],
                "self": false,
                "to_port": 0
              }
            ],
            "id": "sg-094ee536b560ff36e",
            "ingress": [
              {
                "cidr_blocks": [
                  "10.120.220.0/22",
                  "10.110.0.0/24"
                ],
                "description": "Security group Cluster EKS",
                "from_port": 3306,
                "ipv6_cidr_blocks": [],
                "prefix_list_ids": [],
                "protocol": "tcp",
                "security_groups": [],
                "self": false,
                "to_port": 3306
              }
            ],
            "name": "terraform-20240927134533481100000002",
            "name_prefix": "terraform-",
            "owner_id": "644263771432",
            "revoke_rules_on_delete": false,
            "tags": {
              "Name": "sg_rds_preprod-ssanchez_genia"
            },
            "tags_all": {
              "Name": "sg_rds_preprod-ssanchez_genia"
            },
            "timeouts": null,
            "vpc_id": "vpc-01da005dea62d2e84"
          },
          "sensitive_attributes": [],
          "private": "eyJlMmJmYjczMC1lY2FhLTExZTYtOGY4OC0zNDM2M2JjN2M0YzAiOnsiY3JlYXRlIjo2MDAwMDAwMDAwMDAsImRlbGV0ZSI6OTAwMDAwMDAwMDAwfSwic2NoZW1hX3ZlcnNpb24iOiIxIn0=",
          "dependencies": [
            "module.VPC.aws_vpc.this"
          ]
        }
      ]
    },
    {
      "module": "module.VPC[\"vpc-preprod-ssanchez\"]",
      "mode": "managed",
      "type": "aws_vpc",
      "name": "this",
      "provider": "provider[\"registry.terraform.io/hashicorp/aws\"]",
      "instances": [
        {
          "schema_version": 1,
          "attributes": {
            "arn": "arn:aws:ec2:us-east-1:644263771432:vpc/vpc-01da005dea62d2e84",
            "assign_generated_ipv6_cidr_block": false,
            "cidr_block": "10.120.220.0/22",
            "default_network_acl_id": "acl-08a84e993123e871c",
            "default_route_table_id": "rtb-0aa135c45a8fcbd8b",
            "default_security_group_id": "sg-093a0d97a24fa6133",
            "dhcp_options_id": "dopt-037ae2c7a4772edcb",
            "enable_dns_hostnames": true,
            "enable_dns_support": true,
            "enable_network_address_usage_metrics": false,
            "id": "vpc-01da005dea62d2e84",
            "instance_tenancy": "default",
            "ipv4_ipam_pool_id": null,
            "ipv4_netmask_length": null,
            "ipv6_association_id": "",
            "ipv6_cidr_block": "",
            "ipv6_cidr_block_network_border_group": "",
            "ipv6_ipam_pool_id": "",
            "ipv6_netmask_length": 0,
            "main_route_table_id": "rtb-0aa135c45a8fcbd8b",
            "owner_id": "644263771432",
            "tags": {
              "Name": "vpc-preprod-ssanchez"
            },
            "tags_all": {
              "Name": "vpc-preprod-ssanchez"
            }
          },
          "sensitive_attributes": [],
          "private": "eyJzY2hlbWFfdmVyc2lvbiI6IjEifQ=="
        }
      ]
    },
    {
      "module": "module.private_routes[\"rtbl-preprod-ssanchez-pvt-subnets\"]",
      "mode": "managed",
      "type": "aws_route",
      "name": "this",
      "provider": "provider[\"registry.terraform.io/hashicorp/aws\"]",
      "instances": [
        {
          "schema_version": 0,
          "attributes": {
            "carrier_gateway_id": "",
            "core_network_arn": "",
            "destination_cidr_block": "0.0.0.0/0",
            "destination_ipv6_cidr_block": "",
            "destination_prefix_list_id": "",
            "egress_only_gateway_id": "",
            "gateway_id": "",
            "id": "r-rtb-099000439876ac69d1080289494",
            "instance_id": "",
            "instance_owner_id": "",
            "local_gateway_id": "",
            "nat_gateway_id": "nat-04a59b05b0a7fb4e5",
            "network_interface_id": "",
            "origin": "CreateRoute",
            "route_table_id": "rtb-099000439876ac69d",
            "state": "active",
            "timeouts": null,
            "transit_gateway_id": "",
            "vpc_endpoint_id": "",
            "vpc_peering_connection_id": ""
          },
          "sensitive_attributes": [],
          "private": "eyJlMmJmYjczMC1lY2FhLTExZTYtOGY4OC0zNDM2M2JjN2M0YzAiOnsiY3JlYXRlIjozMDAwMDAwMDAwMDAsImRlbGV0ZSI6MzAwMDAwMDAwMDAwLCJ1cGRhdGUiOjEyMDAwMDAwMDAwMH19",
          "dependencies": [
            "module.Elastic_IP.aws_eip.this",
            "module.NAT_Gateway.aws_nat_gateway.this",
            "module.Public_Subnets.aws_subnet.this",
            "module.Route_Table.aws_route_table.this",
            "module.VPC.aws_vpc.this"
          ]
        }
      ]
    },
    {
      "module": "module.public_routes[\"rtbl-preprod-ssanchez-pub-subnets\"]",
      "mode": "managed",
      "type": "aws_route",
      "name": "this",
      "provider": "provider[\"registry.terraform.io/hashicorp/aws\"]",
      "instances": [
        {
          "schema_version": 0,
          "attributes": {
            "carrier_gateway_id": "",
            "core_network_arn": "",
            "destination_cidr_block": "0.0.0.0/0",
            "destination_ipv6_cidr_block": "",
            "destination_prefix_list_id": "",
            "egress_only_gateway_id": "",
            "gateway_id": "igw-0b4edc935c0ed6b94",
            "id": "r-rtb-0293321b8ad42af271080289494",
            "instance_id": "",
            "instance_owner_id": "",
            "local_gateway_id": "",
            "nat_gateway_id": "",
            "network_interface_id": "",
            "origin": "CreateRoute",
            "route_table_id": "rtb-0293321b8ad42af27",
            "state": "active",
            "timeouts": null,
            "transit_gateway_id": "",
            "vpc_endpoint_id": "",
            "vpc_peering_connection_id": ""
          },
          "sensitive_attributes": [],
          "private": "eyJlMmJmYjczMC1lY2FhLTExZTYtOGY4OC0zNDM2M2JjN2M0YzAiOnsiY3JlYXRlIjozMDAwMDAwMDAwMDAsImRlbGV0ZSI6MzAwMDAwMDAwMDAwLCJ1cGRhdGUiOjEyMDAwMDAwMDAwMH19",
          "dependencies": [
            "module.Internet_Gateway.aws_internet_gateway.this",
            "module.Route_Table.aws_route_table.this",
            "module.VPC.aws_vpc.this"
          ]
        }
      ]
    },
    {
      "module": "module.route_table_association_private[\"association_1\"]",
      "mode": "managed",
      "type": "aws_route_table_association",
      "name": "this",
      "provider": "provider[\"registry.terraform.io/hashicorp/aws\"]",
      "instances": [
        {
          "schema_version": 0,
          "attributes": {
            "gateway_id": "",
            "id": "rtbassoc-083bd63209c03a4bb",
            "route_table_id": "rtb-099000439876ac69d",
            "subnet_id": "subnet-0cf538bc8ad48e59e",
            "timeouts": null
          },
          "sensitive_attributes": [],
          "private": "eyJlMmJmYjczMC1lY2FhLTExZTYtOGY4OC0zNDM2M2JjN2M0YzAiOnsiY3JlYXRlIjozMDAwMDAwMDAwMDAsImRlbGV0ZSI6MzAwMDAwMDAwMDAwLCJ1cGRhdGUiOjEyMDAwMDAwMDAwMH19",
          "dependencies": [
            "module.Private_Subnets.aws_subnet.this",
            "module.Route_Table.aws_route_table.this",
            "module.VPC.aws_vpc.this"
          ]
        }
      ]
    },
    {
      "module": "module.route_table_association_private[\"association_2\"]",
      "mode": "managed",
      "type": "aws_route_table_association",
      "name": "this",
      "provider": "provider[\"registry.terraform.io/hashicorp/aws\"]",
      "instances": [
        {
          "schema_version": 0,
          "attributes": {
            "gateway_id": "",
            "id": "rtbassoc-0f394664481ab11a8",
            "route_table_id": "rtb-099000439876ac69d",
            "subnet_id": "subnet-0f5cdb829519dd70c",
            "timeouts": null
          },
          "sensitive_attributes": [],
          "private": "eyJlMmJmYjczMC1lY2FhLTExZTYtOGY4OC0zNDM2M2JjN2M0YzAiOnsiY3JlYXRlIjozMDAwMDAwMDAwMDAsImRlbGV0ZSI6MzAwMDAwMDAwMDAwLCJ1cGRhdGUiOjEyMDAwMDAwMDAwMH19",
          "dependencies": [
            "module.Private_Subnets.aws_subnet.this",
            "module.Route_Table.aws_route_table.this",
            "module.VPC.aws_vpc.this"
          ]
        }
      ]
    },
    {
      "module": "module.route_table_association_private[\"association_3\"]",
      "mode": "managed",
      "type": "aws_route_table_association",
      "name": "this",
      "provider": "provider[\"registry.terraform.io/hashicorp/aws\"]",
      "instances": [
        {
          "schema_version": 0,
          "attributes": {
            "gateway_id": "",
            "id": "rtbassoc-013837ea5f20a367a",
            "route_table_id": "rtb-099000439876ac69d",
            "subnet_id": "subnet-021f3e9db8dd8f858",
            "timeouts": null
          },
          "sensitive_attributes": [],
          "private": "eyJlMmJmYjczMC1lY2FhLTExZTYtOGY4OC0zNDM2M2JjN2M0YzAiOnsiY3JlYXRlIjozMDAwMDAwMDAwMDAsImRlbGV0ZSI6MzAwMDAwMDAwMDAwLCJ1cGRhdGUiOjEyMDAwMDAwMDAwMH19",
          "dependencies": [
            "module.Private_Subnets.aws_subnet.this",
            "module.Route_Table.aws_route_table.this",
            "module.VPC.aws_vpc.this"
          ]
        }
      ]
    },
    {
      "module": "module.route_table_association_public[\"association_1\"]",
      "mode": "managed",
      "type": "aws_route_table_association",
      "name": "this",
      "provider": "provider[\"registry.terraform.io/hashicorp/aws\"]",
      "instances": [
        {
          "schema_version": 0,
          "attributes": {
            "gateway_id": "",
            "id": "rtbassoc-0568bae5075838a93",
            "route_table_id": "rtb-0293321b8ad42af27",
            "subnet_id": "subnet-08b9a1a810093f4c0",
            "timeouts": null
          },
          "sensitive_attributes": [],
          "private": "eyJlMmJmYjczMC1lY2FhLTExZTYtOGY4OC0zNDM2M2JjN2M0YzAiOnsiY3JlYXRlIjozMDAwMDAwMDAwMDAsImRlbGV0ZSI6MzAwMDAwMDAwMDAwLCJ1cGRhdGUiOjEyMDAwMDAwMDAwMH19",
          "dependencies": [
            "module.Public_Subnets.aws_subnet.this",
            "module.Route_Table.aws_route_table.this",
            "module.VPC.aws_vpc.this"
          ]
        }
      ]
    },
    {
      "module": "module.route_table_association_public[\"association_2\"]",
      "mode": "managed",
      "type": "aws_route_table_association",
      "name": "this",
      "provider": "provider[\"registry.terraform.io/hashicorp/aws\"]",
      "instances": [
        {
          "schema_version": 0,
          "attributes": {
            "gateway_id": "",
            "id": "rtbassoc-08cab6fc98ab86ded",
            "route_table_id": "rtb-0293321b8ad42af27",
            "subnet_id": "subnet-0f0951a9b29b933b3",
            "timeouts": null
          },
          "sensitive_attributes": [],
          "private": "eyJlMmJmYjczMC1lY2FhLTExZTYtOGY4OC0zNDM2M2JjN2M0YzAiOnsiY3JlYXRlIjozMDAwMDAwMDAwMDAsImRlbGV0ZSI6MzAwMDAwMDAwMDAwLCJ1cGRhdGUiOjEyMDAwMDAwMDAwMH19",
          "dependencies": [
            "module.Public_Subnets.aws_subnet.this",
            "module.Route_Table.aws_route_table.this",
            "module.VPC.aws_vpc.this"
          ]
        }
      ]
    },
    {
      "module": "module.route_table_association_public[\"association_3\"]",
      "mode": "managed",
      "type": "aws_route_table_association",
      "name": "this",
      "provider": "provider[\"registry.terraform.io/hashicorp/aws\"]",
      "instances": [
        {
          "schema_version": 0,
          "attributes": {
            "gateway_id": "",
            "id": "rtbassoc-0a72f5327617f1add",
            "route_table_id": "rtb-0293321b8ad42af27",
            "subnet_id": "subnet-0d95f270218a69fba",
            "timeouts": null
          },
          "sensitive_attributes": [],
          "private": "eyJlMmJmYjczMC1lY2FhLTExZTYtOGY4OC0zNDM2M2JjN2M0YzAiOnsiY3JlYXRlIjozMDAwMDAwMDAwMDAsImRlbGV0ZSI6MzAwMDAwMDAwMDAwLCJ1cGRhdGUiOjEyMDAwMDAwMDAwMH19",
          "dependencies": [
            "module.Public_Subnets.aws_subnet.this",
            "module.Route_Table.aws_route_table.this",
            "module.VPC.aws_vpc.this"
          ]
        }
      ]
    }
  ],
  "check_results": null
}
